// !$*UTF8*$!
{
	archiveVersion = 1;
	classes = {
	};
	objectVersion = 46;
	objects = {

/* Begin PBXBuildFile section */
		39042FA2198145DB00E263BE /* GPSAdminViewLsitController.m in Sources */ = {isa = PBXBuildFile; fileRef = 39042FA1198145DB00E263BE /* GPSAdminViewLsitController.m */; };
		390C0BE5197D2EC40047BEB9 /* Foundation.framework in Frameworks */ = {isa = PBXBuildFile; fileRef = 390C0BE4197D2EC40047BEB9 /* Foundation.framework */; };
		390C0BE7197D2EC40047BEB9 /* CoreGraphics.framework in Frameworks */ = {isa = PBXBuildFile; fileRef = 390C0BE6197D2EC40047BEB9 /* CoreGraphics.framework */; };
		390C0BE9197D2EC40047BEB9 /* UIKit.framework in Frameworks */ = {isa = PBXBuildFile; fileRef = 390C0BE8197D2EC40047BEB9 /* UIKit.framework */; };
		390C0BEF197D2EC40047BEB9 /* InfoPlist.strings in Resources */ = {isa = PBXBuildFile; fileRef = 390C0BED197D2EC40047BEB9 /* InfoPlist.strings */; };
		390C0BF1197D2EC40047BEB9 /* main.m in Sources */ = {isa = PBXBuildFile; fileRef = 390C0BF0197D2EC40047BEB9 /* main.m */; };
		390C0BF5197D2EC40047BEB9 /* GPSAppDelegate.m in Sources */ = {isa = PBXBuildFile; fileRef = 390C0BF4197D2EC40047BEB9 /* GPSAppDelegate.m */; };
		390C0BF8197D2EC40047BEB9 /* Main_iPhone.storyboard in Resources */ = {isa = PBXBuildFile; fileRef = 390C0BF6197D2EC40047BEB9 /* Main_iPhone.storyboard */; };
		390C0C07197D2EC40047BEB9 /* XCTest.framework in Frameworks */ = {isa = PBXBuildFile; fileRef = 390C0C06197D2EC40047BEB9 /* XCTest.framework */; };
		390C0C08197D2EC40047BEB9 /* Foundation.framework in Frameworks */ = {isa = PBXBuildFile; fileRef = 390C0BE4197D2EC40047BEB9 /* Foundation.framework */; };
		390C0C09197D2EC40047BEB9 /* UIKit.framework in Frameworks */ = {isa = PBXBuildFile; fileRef = 390C0BE8197D2EC40047BEB9 /* UIKit.framework */; };
		390C0C11197D2EC40047BEB9 /* InfoPlist.strings in Resources */ = {isa = PBXBuildFile; fileRef = 390C0C0F197D2EC40047BEB9 /* InfoPlist.strings */; };
		390C0C13197D2EC40047BEB9 /* PinPointTests.m in Sources */ = {isa = PBXBuildFile; fileRef = 390C0C12197D2EC40047BEB9 /* PinPointTests.m */; };
		390C0C22197D2FF70047BEB9 /* RECommonFunctions.m in Sources */ = {isa = PBXBuildFile; fileRef = 390C0C1D197D2FF70047BEB9 /* RECommonFunctions.m */; };
		390C0C23197D2FF70047BEB9 /* RESideMenu.m in Sources */ = {isa = PBXBuildFile; fileRef = 390C0C1F197D2FF70047BEB9 /* RESideMenu.m */; };
		390C0C24197D2FF70047BEB9 /* UIViewController+RESideMenu.m in Sources */ = {isa = PBXBuildFile; fileRef = 390C0C21197D2FF70047BEB9 /* UIViewController+RESideMenu.m */; };
		390C0C2A197D30340047BEB9 /* GPSRightMenuVC.m in Sources */ = {isa = PBXBuildFile; fileRef = 390C0C27197D30340047BEB9 /* GPSRightMenuVC.m */; };
		390C0C2B197D30340047BEB9 /* GPSRootViewController.m in Sources */ = {isa = PBXBuildFile; fileRef = 390C0C29197D30340047BEB9 /* GPSRootViewController.m */; };
		390C0C30197D30460047BEB9 /* GPSLeftMenuVC.m in Sources */ = {isa = PBXBuildFile; fileRef = 390C0C2D197D30460047BEB9 /* GPSLeftMenuVC.m */; };
		391209E019AE0A360010BEF5 /* pin30_blue_h0@2x.png in Resources */ = {isa = PBXBuildFile; fileRef = 391209C719AE0A360010BEF5 /* pin30_blue_h0@2x.png */; };
		391209E119AE0A360010BEF5 /* pin30_blue_h1@2x.png in Resources */ = {isa = PBXBuildFile; fileRef = 391209C819AE0A360010BEF5 /* pin30_blue_h1@2x.png */; };
		391209E219AE0A360010BEF5 /* pin30_blue_h2@2x.png in Resources */ = {isa = PBXBuildFile; fileRef = 391209C919AE0A360010BEF5 /* pin30_blue_h2@2x.png */; };
		391209E319AE0A360010BEF5 /* pin30_blue_h3@2x.png in Resources */ = {isa = PBXBuildFile; fileRef = 391209CA19AE0A360010BEF5 /* pin30_blue_h3@2x.png */; };
		391209E419AE0A360010BEF5 /* pin30_blue_h4@2x.png in Resources */ = {isa = PBXBuildFile; fileRef = 391209CB19AE0A360010BEF5 /* pin30_blue_h4@2x.png */; };
		391209E519AE0A360010BEF5 /* pin30_blue_h5@2x.png in Resources */ = {isa = PBXBuildFile; fileRef = 391209CC19AE0A360010BEF5 /* pin30_blue_h5@2x.png */; };
		391209E619AE0A360010BEF5 /* pin30_blue_h6@2x.png in Resources */ = {isa = PBXBuildFile; fileRef = 391209CD19AE0A360010BEF5 /* pin30_blue_h6@2x.png */; };
		391209E719AE0A360010BEF5 /* pin30_blue_h7@2x.png in Resources */ = {isa = PBXBuildFile; fileRef = 391209CE19AE0A360010BEF5 /* pin30_blue_h7@2x.png */; };
		391209E819AE0A360010BEF5 /* pin30_green_h0@2x.png in Resources */ = {isa = PBXBuildFile; fileRef = 391209CF19AE0A360010BEF5 /* pin30_green_h0@2x.png */; };
		391209E919AE0A360010BEF5 /* pin30_green_h1@2x.png in Resources */ = {isa = PBXBuildFile; fileRef = 391209D019AE0A360010BEF5 /* pin30_green_h1@2x.png */; };
		391209EA19AE0A360010BEF5 /* pin30_green_h2@2x.png in Resources */ = {isa = PBXBuildFile; fileRef = 391209D119AE0A360010BEF5 /* pin30_green_h2@2x.png */; };
		391209EB19AE0A360010BEF5 /* pin30_green_h3@2x.png in Resources */ = {isa = PBXBuildFile; fileRef = 391209D219AE0A360010BEF5 /* pin30_green_h3@2x.png */; };
		391209EC19AE0A360010BEF5 /* pin30_green_h4@2x.png in Resources */ = {isa = PBXBuildFile; fileRef = 391209D319AE0A360010BEF5 /* pin30_green_h4@2x.png */; };
		391209ED19AE0A360010BEF5 /* pin30_green_h5@2x.png in Resources */ = {isa = PBXBuildFile; fileRef = 391209D419AE0A360010BEF5 /* pin30_green_h5@2x.png */; };
		391209EE19AE0A360010BEF5 /* pin30_green_h6@2x.png in Resources */ = {isa = PBXBuildFile; fileRef = 391209D519AE0A360010BEF5 /* pin30_green_h6@2x.png */; };
		391209EF19AE0A360010BEF5 /* pin30_green_h7@2x.png in Resources */ = {isa = PBXBuildFile; fileRef = 391209D619AE0A360010BEF5 /* pin30_green_h7@2x.png */; };
		391209F019AE0A360010BEF5 /* pin30_red@2x.png in Resources */ = {isa = PBXBuildFile; fileRef = 391209D719AE0A360010BEF5 /* pin30_red@2x.png */; };
		391209F119AE0A360010BEF5 /* pin30_yellow_h0@2x.png in Resources */ = {isa = PBXBuildFile; fileRef = 391209D819AE0A360010BEF5 /* pin30_yellow_h0@2x.png */; };
		391209F219AE0A360010BEF5 /* pin30_yellow_h1@2x.png in Resources */ = {isa = PBXBuildFile; fileRef = 391209D919AE0A360010BEF5 /* pin30_yellow_h1@2x.png */; };
		391209F319AE0A360010BEF5 /* pin30_yellow_h2@2x.png in Resources */ = {isa = PBXBuildFile; fileRef = 391209DA19AE0A360010BEF5 /* pin30_yellow_h2@2x.png */; };
		391209F419AE0A360010BEF5 /* pin30_yellow_h3@2x.png in Resources */ = {isa = PBXBuildFile; fileRef = 391209DB19AE0A360010BEF5 /* pin30_yellow_h3@2x.png */; };
		391209F519AE0A360010BEF5 /* pin30_yellow_h4@2x.png in Resources */ = {isa = PBXBuildFile; fileRef = 391209DC19AE0A360010BEF5 /* pin30_yellow_h4@2x.png */; };
		391209F619AE0A360010BEF5 /* pin30_yellow_h5@2x.png in Resources */ = {isa = PBXBuildFile; fileRef = 391209DD19AE0A360010BEF5 /* pin30_yellow_h5@2x.png */; };
		391209F719AE0A360010BEF5 /* pin30_yellow_h6@2x.png in Resources */ = {isa = PBXBuildFile; fileRef = 391209DE19AE0A360010BEF5 /* pin30_yellow_h6@2x.png */; };
		391209F819AE0A360010BEF5 /* pin30_yellow_h7@2x.png in Resources */ = {isa = PBXBuildFile; fileRef = 391209DF19AE0A360010BEF5 /* pin30_yellow_h7@2x.png */; };
		393B5A421980EB880075855A /* GPSVehSettingVC.m in Sources */ = {isa = PBXBuildFile; fileRef = 393B5A411980EB880075855A /* GPSVehSettingVC.m */; };
		393B5A451980F9D90075855A /* timezone.txt in Resources */ = {isa = PBXBuildFile; fileRef = 393B5A441980F9D90075855A /* timezone.txt */; };
		393B5A4E1981303D0075855A /* GPSAccountAdminVC.m in Sources */ = {isa = PBXBuildFile; fileRef = 393B5A471981303D0075855A /* GPSAccountAdminVC.m */; };
		393F58A2198B53AA00843EAD /* GPSSMSViewController.m in Sources */ = {isa = PBXBuildFile; fileRef = 393F58A1198B53AA00843EAD /* GPSSMSViewController.m */; };
		393F58A4198B656700843EAD /* MessageUI.framework in Frameworks */ = {isa = PBXBuildFile; fileRef = 393F58A3198B656700843EAD /* MessageUI.framework */; };
		393F58A8198B7BB300843EAD /* message@2x.png in Resources */ = {isa = PBXBuildFile; fileRef = 393F58A7198B7BB300843EAD /* message@2x.png */; };
		393F58AA198B7BE800843EAD /* sms@2x.png in Resources */ = {isa = PBXBuildFile; fileRef = 393F58A9198B7BE800843EAD /* sms@2x.png */; };
		3941510A1989310800598AF1 /* border-200px.png in Resources */ = {isa = PBXBuildFile; fileRef = 394151061989310800598AF1 /* border-200px.png */; };
		3941510B1989310800598AF1 /* border.png in Resources */ = {isa = PBXBuildFile; fileRef = 394151071989310800598AF1 /* border.png */; };
		394151151989314700598AF1 /* administration@2x.png in Resources */ = {isa = PBXBuildFile; fileRef = 3941510E1989314700598AF1 /* administration@2x.png */; };
		394151161989314700598AF1 /* cancel@2x.png in Resources */ = {isa = PBXBuildFile; fileRef = 3941510F1989314700598AF1 /* cancel@2x.png */; };
		394151171989314700598AF1 /* down-arrow@2x.png in Resources */ = {isa = PBXBuildFile; fileRef = 394151101989314700598AF1 /* down-arrow@2x.png */; };
		394151181989314700598AF1 /* logout@2x.png in Resources */ = {isa = PBXBuildFile; fileRef = 394151111989314700598AF1 /* logout@2x.png */; };
		394151191989314700598AF1 /* mapping@2x.png in Resources */ = {isa = PBXBuildFile; fileRef = 394151121989314700598AF1 /* mapping@2x.png */; };
		3941511A1989314700598AF1 /* save@2x.png in Resources */ = {isa = PBXBuildFile; fileRef = 394151131989314700598AF1 /* save@2x.png */; };
		3941511B1989314700598AF1 /* up-arrow@2x.png in Resources */ = {isa = PBXBuildFile; fileRef = 394151141989314700598AF1 /* up-arrow@2x.png */; };
		3955ECF519B43B1900B5288D /* Icon-60@2x.png in Resources */ = {isa = PBXBuildFile; fileRef = 3955ECF019B43B1900B5288D /* Icon-60@2x.png */; };
		3955ECF619B43B1900B5288D /* Icon-76.png in Resources */ = {isa = PBXBuildFile; fileRef = 3955ECF119B43B1900B5288D /* Icon-76.png */; };
		3955ECF719B43B1900B5288D /* Icon-76@2x.png in Resources */ = {isa = PBXBuildFile; fileRef = 3955ECF219B43B1900B5288D /* Icon-76@2x.png */; };
		3955ECF819B43B1900B5288D /* Icon.png in Resources */ = {isa = PBXBuildFile; fileRef = 3955ECF319B43B1900B5288D /* Icon.png */; };
		3955ECF919B43B1900B5288D /* Icon@2x.png in Resources */ = {isa = PBXBuildFile; fileRef = 3955ECF419B43B1900B5288D /* Icon@2x.png */; };
		395DFD87197F8B89009438E8 /* menu@2x.png in Resources */ = {isa = PBXBuildFile; fileRef = 395DFD85197F8B89009438E8 /* menu@2x.png */; };
		396A6C0F1987C9D600311CE5 /* ParentCell.m in Sources */ = {isa = PBXBuildFile; fileRef = 396A6C0E1987C9D600311CE5 /* ParentCell.m */; };
		396A6C1D1987D6EA00311CE5 /* RightMenuTableViewCell.m in Sources */ = {isa = PBXBuildFile; fileRef = 396A6C1C1987D6EA00311CE5 /* RightMenuTableViewCell.m */; };
		397DF085197FB850001F6688 /* AVFoundation.framework in Frameworks */ = {isa = PBXBuildFile; fileRef = 397DF084197FB850001F6688 /* AVFoundation.framework */; };
		397DF087197FB857001F6688 /* CoreData.framework in Frameworks */ = {isa = PBXBuildFile; fileRef = 397DF086197FB857001F6688 /* CoreData.framework */; };
		397DF089197FB85D001F6688 /* CoreLocation.framework in Frameworks */ = {isa = PBXBuildFile; fileRef = 397DF088197FB85D001F6688 /* CoreLocation.framework */; };
		397DF08B197FB864001F6688 /* CoreText.framework in Frameworks */ = {isa = PBXBuildFile; fileRef = 397DF08A197FB864001F6688 /* CoreText.framework */; };
		397DF08D197FB86A001F6688 /* GLKit.framework in Frameworks */ = {isa = PBXBuildFile; fileRef = 397DF08C197FB86A001F6688 /* GLKit.framework */; };
		397DF08F197FB871001F6688 /* ImageIO.framework in Frameworks */ = {isa = PBXBuildFile; fileRef = 397DF08E197FB871001F6688 /* ImageIO.framework */; };
		397DF091197FB87A001F6688 /* libc++.dylib in Frameworks */ = {isa = PBXBuildFile; fileRef = 397DF090197FB87A001F6688 /* libc++.dylib */; };
		397DF093197FB885001F6688 /* libicucore.dylib in Frameworks */ = {isa = PBXBuildFile; fileRef = 397DF092197FB885001F6688 /* libicucore.dylib */; };
		397DF095197FB88F001F6688 /* libz.dylib in Frameworks */ = {isa = PBXBuildFile; fileRef = 397DF094197FB88F001F6688 /* libz.dylib */; };
		397DF097197FB896001F6688 /* OpenGLES.framework in Frameworks */ = {isa = PBXBuildFile; fileRef = 397DF096197FB896001F6688 /* OpenGLES.framework */; };
		397DF099197FB8A8001F6688 /* SystemConfiguration.framework in Frameworks */ = {isa = PBXBuildFile; fileRef = 397DF098197FB8A8001F6688 /* SystemConfiguration.framework */; };
		397F0CF2198A0CF6009FE0F4 /* pushpin.png in Resources */ = {isa = PBXBuildFile; fileRef = 397F0CF1198A0CF6009FE0F4 /* pushpin.png */; };
		397F0CF4198A1682009FE0F4 /* setting_1@2x.png in Resources */ = {isa = PBXBuildFile; fileRef = 397F0CF3198A1682009FE0F4 /* setting_1@2x.png */; };
		399128FB19B05FCB00D4D2A0 /* Main_iPad.storyboard in Resources */ = {isa = PBXBuildFile; fileRef = 399128FA19B05FCB00D4D2A0 /* Main_iPad.storyboard */; };
		399737B319B8A3AA002A929E /* iTunesArtwork in Resources */ = {isa = PBXBuildFile; fileRef = 399737B119B8A3AA002A929E /* iTunesArtwork */; };
		39996638197E3CF600974FFD /* seprater_line.png in Resources */ = {isa = PBXBuildFile; fileRef = 39996637197E3CF600974FFD /* seprater_line.png */; };
		3999663D197E6FB300974FFD /* MBProgressHUD.m in Sources */ = {isa = PBXBuildFile; fileRef = 3999663C197E6FB300974FFD /* MBProgressHUD.m */; };
		39996641197E7F8400974FFD /* Reachability.m in Sources */ = {isa = PBXBuildFile; fileRef = 39996640197E7F8400974FFD /* Reachability.m */; };
		39996644197E7FBA00974FFD /* GPSLoginVC.m in Sources */ = {isa = PBXBuildFile; fileRef = 39996643197E7FBA00974FFD /* GPSLoginVC.m */; };
		3999EEC31994991500B2EA17 /* pin-mid@2x.png in Resources */ = {isa = PBXBuildFile; fileRef = 3999EEC11994991500B2EA17 /* pin-mid@2x.png */; };
		3999EEC41994991500B2EA17 /* pin-stop@2x.png in Resources */ = {isa = PBXBuildFile; fileRef = 3999EEC21994991500B2EA17 /* pin-stop@2x.png */; };
		399C0C291988C7DD00A5E62C /* transperent.png in Resources */ = {isa = PBXBuildFile; fileRef = 399C0C281988C7DD00A5E62C /* transperent.png */; };
		399D7E07197FD2B00049C434 /* GPSMapVC.m in Sources */ = {isa = PBXBuildFile; fileRef = 399D7E06197FD2B00049C434 /* GPSMapVC.m */; };
		399D7E10197FEA7A0049C434 /* GPSMarkerWindow.m in Sources */ = {isa = PBXBuildFile; fileRef = 399D7E0F197FEA7A0049C434 /* GPSMarkerWindow.m */; };
		39C126F319B98D3200505CB1 /* Images.xcassets in Resources */ = {isa = PBXBuildFile; fileRef = 39C126F219B98D3200505CB1 /* Images.xcassets */; };
		39C204EC198FC4A2002D4B32 /* GPSUserRoleVC.m in Sources */ = {isa = PBXBuildFile; fileRef = 39C204EB198FC4A2002D4B32 /* GPSUserRoleVC.m */; };
		39DAB3EA19B1AC7400DA3EBC /* setting_1@2x~iPhone.png in Resources */ = {isa = PBXBuildFile; fileRef = 39DAB3E919B1AC7400DA3EBC /* setting_1@2x~iPhone.png */; };
		39EF5D2D19B746ED002C2BFD /* highfin-5.png in Resources */ = {isa = PBXBuildFile; fileRef = 39EF5D2C19B746ED002C2BFD /* highfin-5.png */; };
		39F53520197E8288008F4AAA /* login-button@2x.png in Resources */ = {isa = PBXBuildFile; fileRef = 39F5351C197E8288008F4AAA /* login-button@2x.png */; };
		39F53521197E8288008F4AAA /* password@2x.png in Resources */ = {isa = PBXBuildFile; fileRef = 39F5351D197E8288008F4AAA /* password@2x.png */; };
		39F53522197E8288008F4AAA /* text-field-bg@2x.png in Resources */ = {isa = PBXBuildFile; fileRef = 39F5351E197E8288008F4AAA /* text-field-bg@2x.png */; };
		39F53523197E8288008F4AAA /* user@2x.png in Resources */ = {isa = PBXBuildFile; fileRef = 39F5351F197E8288008F4AAA /* user@2x.png */; };
		39F53528197E829D008F4AAA /* password.png in Resources */ = {isa = PBXBuildFile; fileRef = 39F53525197E829D008F4AAA /* password.png */; };
		39F53529197E829D008F4AAA /* user.png in Resources */ = {isa = PBXBuildFile; fileRef = 39F53526197E829D008F4AAA /* user.png */; };
		39F5352B197E84A1008F4AAA /* QuartzCore.framework in Frameworks */ = {isa = PBXBuildFile; fileRef = 39F5352A197E84A1008F4AAA /* QuartzCore.framework */; };
		6B143E551D9901EF00B4A301 /* car-pin-green@2x.png in Resources */ = {isa = PBXBuildFile; fileRef = 6B143E521D9901EF00B4A301 /* car-pin-green@2x.png */; };
		6B143E561D9901EF00B4A301 /* car-pin-red@2x.png in Resources */ = {isa = PBXBuildFile; fileRef = 6B143E531D9901EF00B4A301 /* car-pin-red@2x.png */; };
		6B143E571D9901EF00B4A301 /* car-pin-yellow@2x.png in Resources */ = {isa = PBXBuildFile; fileRef = 6B143E541D9901EF00B4A301 /* car-pin-yellow@2x.png */; };
		6B245E4219CFEF1800018E29 /* CoreFoundation.framework in Frameworks */ = {isa = PBXBuildFile; fileRef = 6B245E4119CFEF1800018E29 /* CoreFoundation.framework */; };
		6B245E4819CFF93100018E29 /* CFNetwork.framework in Frameworks */ = {isa = PBXBuildFile; fileRef = 6B245E4719CFF93100018E29 /* CFNetwork.framework */; };
		6B4C55B519EE9111007F6815 /* map-icon@2x.png in Resources */ = {isa = PBXBuildFile; fileRef = 6B4C55B419EE9110007F6815 /* map-icon@2x.png */; };
		6B652EF119D1933000D96A6C /* Default-568h@2x.png in Resources */ = {isa = PBXBuildFile; fileRef = 6B652EF019D1933000D96A6C /* Default-568h@2x.png */; };
		AC3B0B7819857D860099E91D /* GPSUserDetailVC.m in Sources */ = {isa = PBXBuildFile; fileRef = AC3B0B7719857D860099E91D /* GPSUserDetailVC.m */; };
		AC3B0B7B1985E1150099E91D /* GPSVehDetailVC.m in Sources */ = {isa = PBXBuildFile; fileRef = AC3B0B7A1985E1150099E91D /* GPSVehDetailVC.m */; };
		AC3B0B7E1985E1360099E91D /* GPSGroupDetailVC.m in Sources */ = {isa = PBXBuildFile; fileRef = AC3B0B7D1985E1360099E91D /* GPSGroupDetailVC.m */; };
		BA34C18C2005E9CD00390D4B /* GoogleMapsCore.framework in Frameworks */ = {isa = PBXBuildFile; fileRef = BA34C18A2005E9C900390D4B /* GoogleMapsCore.framework */; };
		BA34C18D2005E9CD00390D4B /* GoogleMaps.framework in Frameworks */ = {isa = PBXBuildFile; fileRef = BA34C18B2005E9CD00390D4B /* GoogleMaps.framework */; };
		BA34C18F2005E9D100390D4B /* GoogleMapsBase.framework in Frameworks */ = {isa = PBXBuildFile; fileRef = BA34C18E2005E9D000390D4B /* GoogleMapsBase.framework */; };
		BA34C1912005E9F000390D4B /* GoogleMaps.bundle in Resources */ = {isa = PBXBuildFile; fileRef = BA34C1902005E9F000390D4B /* GoogleMaps.bundle */; };
		C42C1C6326F32DCD004E83A7 /* iTunesArtwork@2x in Resources */ = {isa = PBXBuildFile; fileRef = C42C1C6126F32DCD004E83A7 /* iTunesArtwork@2x */; };
		C42C1C6426F32DCD004E83A7 /* iTunesArtwork@1x in Resources */ = {isa = PBXBuildFile; fileRef = C42C1C6226F32DCD004E83A7 /* iTunesArtwork@1x */; };
		C42C1C6626F32DEF004E83A7 /* iTunesArtwork@3x in Resources */ = {isa = PBXBuildFile; fileRef = C42C1C6526F32DEF004E83A7 /* iTunesArtwork@3x */; };
/* End PBXBuildFile section */

/* Begin PBXContainerItemProxy section */
		390C0C0A197D2EC40047BEB9 /* PBXContainerItemProxy */ = {
			isa = PBXContainerItemProxy;
			containerPortal = 390C0BD9197D2EC40047BEB9 /* Project object */;
			proxyType = 1;
			remoteGlobalIDString = 390C0BE0197D2EC40047BEB9;
			remoteInfo = PinPoint;
		};
/* End PBXContainerItemProxy section */

/* Begin PBXFileReference section */
		39042FA0198145DB00E263BE /* GPSAdminViewLsitController.h */ = {isa = PBXFileReference; fileEncoding = 4; lastKnownFileType = sourcecode.c.h; name = GPSAdminViewLsitController.h; path = PinPoint/GPSAdminViewLsitController.h; sourceTree = "<group>"; };
		39042FA1198145DB00E263BE /* GPSAdminViewLsitController.m */ = {isa = PBXFileReference; fileEncoding = 4; lastKnownFileType = sourcecode.c.objc; lineEnding = 0; name = GPSAdminViewLsitController.m; path = PinPoint/GPSAdminViewLsitController.m; sourceTree = "<group>"; xcLanguageSpecificationIdentifier = xcode.lang.objc; };
		390C0BE1197D2EC40047BEB9 /* PinPoint.app */ = {isa = PBXFileReference; explicitFileType = wrapper.application; includeInIndex = 0; path = PinPoint.app; sourceTree = BUILT_PRODUCTS_DIR; };
		390C0BE4197D2EC40047BEB9 /* Foundation.framework */ = {isa = PBXFileReference; lastKnownFileType = wrapper.framework; name = Foundation.framework; path = System/Library/Frameworks/Foundation.framework; sourceTree = SDKROOT; };
		390C0BE6197D2EC40047BEB9 /* CoreGraphics.framework */ = {isa = PBXFileReference; lastKnownFileType = wrapper.framework; name = CoreGraphics.framework; path = System/Library/Frameworks/CoreGraphics.framework; sourceTree = SDKROOT; };
		390C0BE8197D2EC40047BEB9 /* UIKit.framework */ = {isa = PBXFileReference; lastKnownFileType = wrapper.framework; name = UIKit.framework; path = System/Library/Frameworks/UIKit.framework; sourceTree = SDKROOT; };
		390C0BEC197D2EC40047BEB9 /* PinPoint-Info.plist */ = {isa = PBXFileReference; lastKnownFileType = text.plist.xml; path = "PinPoint-Info.plist"; sourceTree = "<group>"; };
		390C0BEE197D2EC40047BEB9 /* en */ = {isa = PBXFileReference; lastKnownFileType = text.plist.strings; name = en; path = en.lproj/InfoPlist.strings; sourceTree = "<group>"; };
		390C0BF0197D2EC40047BEB9 /* main.m */ = {isa = PBXFileReference; lastKnownFileType = sourcecode.c.objc; path = main.m; sourceTree = "<group>"; };
		390C0BF2197D2EC40047BEB9 /* PinPoint-Prefix.pch */ = {isa = PBXFileReference; lastKnownFileType = sourcecode.c.h; path = "PinPoint-Prefix.pch"; sourceTree = "<group>"; };
		390C0BF3197D2EC40047BEB9 /* GPSAppDelegate.h */ = {isa = PBXFileReference; lastKnownFileType = sourcecode.c.h; path = GPSAppDelegate.h; sourceTree = "<group>"; };
		390C0BF4197D2EC40047BEB9 /* GPSAppDelegate.m */ = {isa = PBXFileReference; lastKnownFileType = sourcecode.c.objc; path = GPSAppDelegate.m; sourceTree = "<group>"; };
		390C0BF7197D2EC40047BEB9 /* Base */ = {isa = PBXFileReference; lastKnownFileType = file.storyboard; name = Base; path = Base.lproj/Main_iPhone.storyboard; sourceTree = "<group>"; };
		390C0C05197D2EC40047BEB9 /* PinPointTests.xctest */ = {isa = PBXFileReference; explicitFileType = wrapper.cfbundle; includeInIndex = 0; path = PinPointTests.xctest; sourceTree = BUILT_PRODUCTS_DIR; };
		390C0C06197D2EC40047BEB9 /* XCTest.framework */ = {isa = PBXFileReference; lastKnownFileType = wrapper.framework; name = XCTest.framework; path = Library/Frameworks/XCTest.framework; sourceTree = DEVELOPER_DIR; };
		390C0C0E197D2EC40047BEB9 /* PinPointTests-Info.plist */ = {isa = PBXFileReference; lastKnownFileType = text.plist.xml; path = "PinPointTests-Info.plist"; sourceTree = "<group>"; };
		390C0C10197D2EC40047BEB9 /* en */ = {isa = PBXFileReference; lastKnownFileType = text.plist.strings; name = en; path = en.lproj/InfoPlist.strings; sourceTree = "<group>"; };
		390C0C12197D2EC40047BEB9 /* PinPointTests.m */ = {isa = PBXFileReference; lastKnownFileType = sourcecode.c.objc; path = PinPointTests.m; sourceTree = "<group>"; };
		390C0C1C197D2FF70047BEB9 /* RECommonFunctions.h */ = {isa = PBXFileReference; fileEncoding = 4; lastKnownFileType = sourcecode.c.h; path = RECommonFunctions.h; sourceTree = "<group>"; };
		390C0C1D197D2FF70047BEB9 /* RECommonFunctions.m */ = {isa = PBXFileReference; fileEncoding = 4; lastKnownFileType = sourcecode.c.objc; path = RECommonFunctions.m; sourceTree = "<group>"; };
		390C0C1E197D2FF70047BEB9 /* RESideMenu.h */ = {isa = PBXFileReference; fileEncoding = 4; lastKnownFileType = sourcecode.c.h; path = RESideMenu.h; sourceTree = "<group>"; };
		390C0C1F197D2FF70047BEB9 /* RESideMenu.m */ = {isa = PBXFileReference; fileEncoding = 4; lastKnownFileType = sourcecode.c.objc; path = RESideMenu.m; sourceTree = "<group>"; };
		390C0C20197D2FF70047BEB9 /* UIViewController+RESideMenu.h */ = {isa = PBXFileReference; fileEncoding = 4; lastKnownFileType = sourcecode.c.h; path = "UIViewController+RESideMenu.h"; sourceTree = "<group>"; };
		390C0C21197D2FF70047BEB9 /* UIViewController+RESideMenu.m */ = {isa = PBXFileReference; fileEncoding = 4; lastKnownFileType = sourcecode.c.objc; path = "UIViewController+RESideMenu.m"; sourceTree = "<group>"; };
		390C0C26197D30340047BEB9 /* GPSRightMenuVC.h */ = {isa = PBXFileReference; fileEncoding = 4; lastKnownFileType = sourcecode.c.h; path = GPSRightMenuVC.h; sourceTree = "<group>"; };
		390C0C27197D30340047BEB9 /* GPSRightMenuVC.m */ = {isa = PBXFileReference; fileEncoding = 4; lastKnownFileType = sourcecode.c.objc; lineEnding = 0; path = GPSRightMenuVC.m; sourceTree = "<group>"; xcLanguageSpecificationIdentifier = xcode.lang.objc; };
		390C0C28197D30340047BEB9 /* GPSRootViewController.h */ = {isa = PBXFileReference; fileEncoding = 4; lastKnownFileType = sourcecode.c.h; path = GPSRootViewController.h; sourceTree = "<group>"; };
		390C0C29197D30340047BEB9 /* GPSRootViewController.m */ = {isa = PBXFileReference; fileEncoding = 4; lastKnownFileType = sourcecode.c.objc; path = GPSRootViewController.m; sourceTree = "<group>"; };
		390C0C2C197D30460047BEB9 /* GPSLeftMenuVC.h */ = {isa = PBXFileReference; fileEncoding = 4; lastKnownFileType = sourcecode.c.h; path = GPSLeftMenuVC.h; sourceTree = "<group>"; };
		390C0C2D197D30460047BEB9 /* GPSLeftMenuVC.m */ = {isa = PBXFileReference; fileEncoding = 4; lastKnownFileType = sourcecode.c.objc; path = GPSLeftMenuVC.m; sourceTree = "<group>"; };
		391209C719AE0A360010BEF5 /* pin30_blue_h0@2x.png */ = {isa = PBXFileReference; lastKnownFileType = image.png; path = "pin30_blue_h0@2x.png"; sourceTree = "<group>"; };
		391209C819AE0A360010BEF5 /* pin30_blue_h1@2x.png */ = {isa = PBXFileReference; lastKnownFileType = image.png; path = "pin30_blue_h1@2x.png"; sourceTree = "<group>"; };
		391209C919AE0A360010BEF5 /* pin30_blue_h2@2x.png */ = {isa = PBXFileReference; lastKnownFileType = image.png; path = "pin30_blue_h2@2x.png"; sourceTree = "<group>"; };
		391209CA19AE0A360010BEF5 /* pin30_blue_h3@2x.png */ = {isa = PBXFileReference; lastKnownFileType = image.png; path = "pin30_blue_h3@2x.png"; sourceTree = "<group>"; };
		391209CB19AE0A360010BEF5 /* pin30_blue_h4@2x.png */ = {isa = PBXFileReference; lastKnownFileType = image.png; path = "pin30_blue_h4@2x.png"; sourceTree = "<group>"; };
		391209CC19AE0A360010BEF5 /* pin30_blue_h5@2x.png */ = {isa = PBXFileReference; lastKnownFileType = image.png; path = "pin30_blue_h5@2x.png"; sourceTree = "<group>"; };
		391209CD19AE0A360010BEF5 /* pin30_blue_h6@2x.png */ = {isa = PBXFileReference; lastKnownFileType = image.png; path = "pin30_blue_h6@2x.png"; sourceTree = "<group>"; };
		391209CE19AE0A360010BEF5 /* pin30_blue_h7@2x.png */ = {isa = PBXFileReference; lastKnownFileType = image.png; path = "pin30_blue_h7@2x.png"; sourceTree = "<group>"; };
		391209CF19AE0A360010BEF5 /* pin30_green_h0@2x.png */ = {isa = PBXFileReference; lastKnownFileType = image.png; path = "pin30_green_h0@2x.png"; sourceTree = "<group>"; };
		391209D019AE0A360010BEF5 /* pin30_green_h1@2x.png */ = {isa = PBXFileReference; lastKnownFileType = image.png; path = "pin30_green_h1@2x.png"; sourceTree = "<group>"; };
		391209D119AE0A360010BEF5 /* pin30_green_h2@2x.png */ = {isa = PBXFileReference; lastKnownFileType = image.png; path = "pin30_green_h2@2x.png"; sourceTree = "<group>"; };
		391209D219AE0A360010BEF5 /* pin30_green_h3@2x.png */ = {isa = PBXFileReference; lastKnownFileType = image.png; path = "pin30_green_h3@2x.png"; sourceTree = "<group>"; };
		391209D319AE0A360010BEF5 /* pin30_green_h4@2x.png */ = {isa = PBXFileReference; lastKnownFileType = image.png; path = "pin30_green_h4@2x.png"; sourceTree = "<group>"; };
		391209D419AE0A360010BEF5 /* pin30_green_h5@2x.png */ = {isa = PBXFileReference; lastKnownFileType = image.png; path = "pin30_green_h5@2x.png"; sourceTree = "<group>"; };
		391209D519AE0A360010BEF5 /* pin30_green_h6@2x.png */ = {isa = PBXFileReference; lastKnownFileType = image.png; path = "pin30_green_h6@2x.png"; sourceTree = "<group>"; };
		391209D619AE0A360010BEF5 /* pin30_green_h7@2x.png */ = {isa = PBXFileReference; lastKnownFileType = image.png; path = "pin30_green_h7@2x.png"; sourceTree = "<group>"; };
		391209D719AE0A360010BEF5 /* pin30_red@2x.png */ = {isa = PBXFileReference; lastKnownFileType = image.png; path = "pin30_red@2x.png"; sourceTree = "<group>"; };
		391209D819AE0A360010BEF5 /* pin30_yellow_h0@2x.png */ = {isa = PBXFileReference; lastKnownFileType = image.png; path = "pin30_yellow_h0@2x.png"; sourceTree = "<group>"; };
		391209D919AE0A360010BEF5 /* pin30_yellow_h1@2x.png */ = {isa = PBXFileReference; lastKnownFileType = image.png; path = "pin30_yellow_h1@2x.png"; sourceTree = "<group>"; };
		391209DA19AE0A360010BEF5 /* pin30_yellow_h2@2x.png */ = {isa = PBXFileReference; lastKnownFileType = image.png; path = "pin30_yellow_h2@2x.png"; sourceTree = "<group>"; };
		391209DB19AE0A360010BEF5 /* pin30_yellow_h3@2x.png */ = {isa = PBXFileReference; lastKnownFileType = image.png; path = "pin30_yellow_h3@2x.png"; sourceTree = "<group>"; };
		391209DC19AE0A360010BEF5 /* pin30_yellow_h4@2x.png */ = {isa = PBXFileReference; lastKnownFileType = image.png; path = "pin30_yellow_h4@2x.png"; sourceTree = "<group>"; };
		391209DD19AE0A360010BEF5 /* pin30_yellow_h5@2x.png */ = {isa = PBXFileReference; lastKnownFileType = image.png; path = "pin30_yellow_h5@2x.png"; sourceTree = "<group>"; };
		391209DE19AE0A360010BEF5 /* pin30_yellow_h6@2x.png */ = {isa = PBXFileReference; lastKnownFileType = image.png; path = "pin30_yellow_h6@2x.png"; sourceTree = "<group>"; };
		391209DF19AE0A360010BEF5 /* pin30_yellow_h7@2x.png */ = {isa = PBXFileReference; lastKnownFileType = image.png; path = "pin30_yellow_h7@2x.png"; sourceTree = "<group>"; };
		393B5A401980EB880075855A /* GPSVehSettingVC.h */ = {isa = PBXFileReference; fileEncoding = 4; lastKnownFileType = sourcecode.c.h; path = GPSVehSettingVC.h; sourceTree = "<group>"; };
		393B5A411980EB880075855A /* GPSVehSettingVC.m */ = {isa = PBXFileReference; fileEncoding = 4; lastKnownFileType = sourcecode.c.objc; lineEnding = 0; path = GPSVehSettingVC.m; sourceTree = "<group>"; xcLanguageSpecificationIdentifier = xcode.lang.objc; };
		393B5A441980F9D90075855A /* timezone.txt */ = {isa = PBXFileReference; fileEncoding = 4; lastKnownFileType = text; path = timezone.txt; sourceTree = "<group>"; };
		393B5A461981303D0075855A /* GPSAccountAdminVC.h */ = {isa = PBXFileReference; fileEncoding = 4; lastKnownFileType = sourcecode.c.h; path = GPSAccountAdminVC.h; sourceTree = "<group>"; };
		393B5A471981303D0075855A /* GPSAccountAdminVC.m */ = {isa = PBXFileReference; fileEncoding = 4; lastKnownFileType = sourcecode.c.objc; lineEnding = 0; path = GPSAccountAdminVC.m; sourceTree = "<group>"; xcLanguageSpecificationIdentifier = xcode.lang.objc; };
		393F58A0198B53AA00843EAD /* GPSSMSViewController.h */ = {isa = PBXFileReference; fileEncoding = 4; lastKnownFileType = sourcecode.c.h; path = GPSSMSViewController.h; sourceTree = "<group>"; };
		393F58A1198B53AA00843EAD /* GPSSMSViewController.m */ = {isa = PBXFileReference; fileEncoding = 4; lastKnownFileType = sourcecode.c.objc; lineEnding = 0; path = GPSSMSViewController.m; sourceTree = "<group>"; xcLanguageSpecificationIdentifier = xcode.lang.objc; };
		393F58A3198B656700843EAD /* MessageUI.framework */ = {isa = PBXFileReference; lastKnownFileType = wrapper.framework; name = MessageUI.framework; path = System/Library/Frameworks/MessageUI.framework; sourceTree = SDKROOT; };
		393F58A7198B7BB300843EAD /* message@2x.png */ = {isa = PBXFileReference; lastKnownFileType = image.png; name = "message@2x.png"; path = "../message@2x.png"; sourceTree = "<group>"; };
		393F58A9198B7BE800843EAD /* sms@2x.png */ = {isa = PBXFileReference; lastKnownFileType = image.png; name = "sms@2x.png"; path = "../sms@2x.png"; sourceTree = "<group>"; };
		394151061989310800598AF1 /* border-200px.png */ = {isa = PBXFileReference; lastKnownFileType = image.png; name = "border-200px.png"; path = "../border-200px.png"; sourceTree = "<group>"; };
		394151071989310800598AF1 /* border.png */ = {isa = PBXFileReference; lastKnownFileType = image.png; name = border.png; path = ../border.png; sourceTree = "<group>"; };
		3941510E1989314700598AF1 /* administration@2x.png */ = {isa = PBXFileReference; lastKnownFileType = image.png; name = "administration@2x.png"; path = "../administration@2x.png"; sourceTree = "<group>"; };
		3941510F1989314700598AF1 /* cancel@2x.png */ = {isa = PBXFileReference; lastKnownFileType = image.png; name = "cancel@2x.png"; path = "../cancel@2x.png"; sourceTree = "<group>"; };
		394151101989314700598AF1 /* down-arrow@2x.png */ = {isa = PBXFileReference; lastKnownFileType = image.png; name = "down-arrow@2x.png"; path = "../down-arrow@2x.png"; sourceTree = "<group>"; };
		394151111989314700598AF1 /* logout@2x.png */ = {isa = PBXFileReference; lastKnownFileType = image.png; name = "logout@2x.png"; path = "../logout@2x.png"; sourceTree = "<group>"; };
		394151121989314700598AF1 /* mapping@2x.png */ = {isa = PBXFileReference; lastKnownFileType = image.png; name = "mapping@2x.png"; path = "../mapping@2x.png"; sourceTree = "<group>"; };
		394151131989314700598AF1 /* save@2x.png */ = {isa = PBXFileReference; lastKnownFileType = image.png; name = "save@2x.png"; path = "../save@2x.png"; sourceTree = "<group>"; };
		394151141989314700598AF1 /* up-arrow@2x.png */ = {isa = PBXFileReference; lastKnownFileType = image.png; name = "up-arrow@2x.png"; path = "../up-arrow@2x.png"; sourceTree = "<group>"; };
		3955ECF019B43B1900B5288D /* Icon-60@2x.png */ = {isa = PBXFileReference; lastKnownFileType = image.png; path = "Icon-60@2x.png"; sourceTree = "<group>"; };
		3955ECF119B43B1900B5288D /* Icon-76.png */ = {isa = PBXFileReference; lastKnownFileType = image.png; path = "Icon-76.png"; sourceTree = "<group>"; };
		3955ECF219B43B1900B5288D /* Icon-76@2x.png */ = {isa = PBXFileReference; lastKnownFileType = image.png; path = "Icon-76@2x.png"; sourceTree = "<group>"; };
		3955ECF319B43B1900B5288D /* Icon.png */ = {isa = PBXFileReference; lastKnownFileType = image.png; path = Icon.png; sourceTree = "<group>"; };
		3955ECF419B43B1900B5288D /* Icon@2x.png */ = {isa = PBXFileReference; lastKnownFileType = image.png; path = "Icon@2x.png"; sourceTree = "<group>"; };
		395DFD85197F8B89009438E8 /* menu@2x.png */ = {isa = PBXFileReference; lastKnownFileType = image.png; path = "menu@2x.png"; sourceTree = "<group>"; };
		396A6C0D1987C9D600311CE5 /* ParentCell.h */ = {isa = PBXFileReference; fileEncoding = 4; lastKnownFileType = sourcecode.c.h; path = ParentCell.h; sourceTree = "<group>"; };
		396A6C0E1987C9D600311CE5 /* ParentCell.m */ = {isa = PBXFileReference; fileEncoding = 4; lastKnownFileType = sourcecode.c.objc; path = ParentCell.m; sourceTree = "<group>"; };
		396A6C1B1987D6EA00311CE5 /* RightMenuTableViewCell.h */ = {isa = PBXFileReference; fileEncoding = 4; lastKnownFileType = sourcecode.c.h; path = RightMenuTableViewCell.h; sourceTree = "<group>"; };
		396A6C1C1987D6EA00311CE5 /* RightMenuTableViewCell.m */ = {isa = PBXFileReference; fileEncoding = 4; lastKnownFileType = sourcecode.c.objc; lineEnding = 0; path = RightMenuTableViewCell.m; sourceTree = "<group>"; xcLanguageSpecificationIdentifier = xcode.lang.objc; };
		397DF084197FB850001F6688 /* AVFoundation.framework */ = {isa = PBXFileReference; lastKnownFileType = wrapper.framework; name = AVFoundation.framework; path = System/Library/Frameworks/AVFoundation.framework; sourceTree = SDKROOT; };
		397DF086197FB857001F6688 /* CoreData.framework */ = {isa = PBXFileReference; lastKnownFileType = wrapper.framework; name = CoreData.framework; path = System/Library/Frameworks/CoreData.framework; sourceTree = SDKROOT; };
		397DF088197FB85D001F6688 /* CoreLocation.framework */ = {isa = PBXFileReference; lastKnownFileType = wrapper.framework; name = CoreLocation.framework; path = System/Library/Frameworks/CoreLocation.framework; sourceTree = SDKROOT; };
		397DF08A197FB864001F6688 /* CoreText.framework */ = {isa = PBXFileReference; lastKnownFileType = wrapper.framework; name = CoreText.framework; path = System/Library/Frameworks/CoreText.framework; sourceTree = SDKROOT; };
		397DF08C197FB86A001F6688 /* GLKit.framework */ = {isa = PBXFileReference; lastKnownFileType = wrapper.framework; name = GLKit.framework; path = System/Library/Frameworks/GLKit.framework; sourceTree = SDKROOT; };
		397DF08E197FB871001F6688 /* ImageIO.framework */ = {isa = PBXFileReference; lastKnownFileType = wrapper.framework; name = ImageIO.framework; path = System/Library/Frameworks/ImageIO.framework; sourceTree = SDKROOT; };
		397DF090197FB87A001F6688 /* libc++.dylib */ = {isa = PBXFileReference; lastKnownFileType = "compiled.mach-o.dylib"; name = "libc++.dylib"; path = "usr/lib/libc++.dylib"; sourceTree = SDKROOT; };
		397DF092197FB885001F6688 /* libicucore.dylib */ = {isa = PBXFileReference; lastKnownFileType = "compiled.mach-o.dylib"; name = libicucore.dylib; path = usr/lib/libicucore.dylib; sourceTree = SDKROOT; };
		397DF094197FB88F001F6688 /* libz.dylib */ = {isa = PBXFileReference; lastKnownFileType = "compiled.mach-o.dylib"; name = libz.dylib; path = usr/lib/libz.dylib; sourceTree = SDKROOT; };
		397DF096197FB896001F6688 /* OpenGLES.framework */ = {isa = PBXFileReference; lastKnownFileType = wrapper.framework; name = OpenGLES.framework; path = System/Library/Frameworks/OpenGLES.framework; sourceTree = SDKROOT; };
		397DF098197FB8A8001F6688 /* SystemConfiguration.framework */ = {isa = PBXFileReference; lastKnownFileType = wrapper.framework; name = SystemConfiguration.framework; path = System/Library/Frameworks/SystemConfiguration.framework; sourceTree = SDKROOT; };
		397F0CF1198A0CF6009FE0F4 /* pushpin.png */ = {isa = PBXFileReference; lastKnownFileType = image.png; name = pushpin.png; path = ../pushpin.png; sourceTree = "<group>"; };
		397F0CF3198A1682009FE0F4 /* setting_1@2x.png */ = {isa = PBXFileReference; lastKnownFileType = image.png; name = "setting_1@2x.png"; path = "../setting_1@2x.png"; sourceTree = "<group>"; };
		399128FA19B05FCB00D4D2A0 /* Main_iPad.storyboard */ = {isa = PBXFileReference; fileEncoding = 4; lastKnownFileType = file.storyboard; name = Main_iPad.storyboard; path = ../Main_iPad.storyboard; sourceTree = "<group>"; };
		399737B119B8A3AA002A929E /* iTunesArtwork */ = {isa = PBXFileReference; lastKnownFileType = file; path = iTunesArtwork; sourceTree = "<group>"; };
		39996637197E3CF600974FFD /* seprater_line.png */ = {isa = PBXFileReference; lastKnownFileType = image.png; path = seprater_line.png; sourceTree = "<group>"; };
		3999663B197E6FB300974FFD /* MBProgressHUD.h */ = {isa = PBXFileReference; fileEncoding = 4; lastKnownFileType = sourcecode.c.h; name = MBProgressHUD.h; path = PinPoint/MBProgressHUD.h; sourceTree = "<group>"; };
		3999663C197E6FB300974FFD /* MBProgressHUD.m */ = {isa = PBXFileReference; fileEncoding = 4; lastKnownFileType = sourcecode.c.objc; name = MBProgressHUD.m; path = PinPoint/MBProgressHUD.m; sourceTree = "<group>"; };
		3999663F197E7F8400974FFD /* Reachability.h */ = {isa = PBXFileReference; fileEncoding = 4; lastKnownFileType = sourcecode.c.h; name = Reachability.h; path = PinPoint/Reachability.h; sourceTree = "<group>"; };
		39996640197E7F8400974FFD /* Reachability.m */ = {isa = PBXFileReference; fileEncoding = 4; lastKnownFileType = sourcecode.c.objc; name = Reachability.m; path = PinPoint/Reachability.m; sourceTree = "<group>"; };
		39996642197E7FBA00974FFD /* GPSLoginVC.h */ = {isa = PBXFileReference; fileEncoding = 4; lastKnownFileType = sourcecode.c.h; path = GPSLoginVC.h; sourceTree = "<group>"; };
		39996643197E7FBA00974FFD /* GPSLoginVC.m */ = {isa = PBXFileReference; fileEncoding = 4; lastKnownFileType = sourcecode.c.objc; lineEnding = 0; path = GPSLoginVC.m; sourceTree = "<group>"; xcLanguageSpecificationIdentifier = xcode.lang.objc; };
		3999EEC11994991500B2EA17 /* pin-mid@2x.png */ = {isa = PBXFileReference; lastKnownFileType = image.png; path = "pin-mid@2x.png"; sourceTree = "<group>"; };
		3999EEC21994991500B2EA17 /* pin-stop@2x.png */ = {isa = PBXFileReference; lastKnownFileType = image.png; path = "pin-stop@2x.png"; sourceTree = "<group>"; };
		399C0C281988C7DD00A5E62C /* transperent.png */ = {isa = PBXFileReference; lastKnownFileType = image.png; name = transperent.png; path = ../transperent.png; sourceTree = "<group>"; };
		399D7E05197FD2B00049C434 /* GPSMapVC.h */ = {isa = PBXFileReference; fileEncoding = 4; lastKnownFileType = sourcecode.c.h; name = GPSMapVC.h; path = PinPoint/GPSMapVC.h; sourceTree = "<group>"; };
		399D7E06197FD2B00049C434 /* GPSMapVC.m */ = {isa = PBXFileReference; fileEncoding = 4; lastKnownFileType = sourcecode.c.objc; lineEnding = 0; name = GPSMapVC.m; path = PinPoint/GPSMapVC.m; sourceTree = "<group>"; xcLanguageSpecificationIdentifier = xcode.lang.objc; };
		399D7E0E197FEA7A0049C434 /* GPSMarkerWindow.h */ = {isa = PBXFileReference; fileEncoding = 4; lastKnownFileType = sourcecode.c.h; path = GPSMarkerWindow.h; sourceTree = "<group>"; };
		399D7E0F197FEA7A0049C434 /* GPSMarkerWindow.m */ = {isa = PBXFileReference; fileEncoding = 4; lastKnownFileType = sourcecode.c.objc; path = GPSMarkerWindow.m; sourceTree = "<group>"; };
		39C126F219B98D3200505CB1 /* Images.xcassets */ = {isa = PBXFileReference; lastKnownFileType = folder.assetcatalog; name = Images.xcassets; path = PinPoint/Images.xcassets; sourceTree = "<group>"; };
		39C204EA198FC4A2002D4B32 /* GPSUserRoleVC.h */ = {isa = PBXFileReference; fileEncoding = 4; lastKnownFileType = sourcecode.c.h; name = GPSUserRoleVC.h; path = PinPoint/GPSUserRoleVC.h; sourceTree = "<group>"; };
		39C204EB198FC4A2002D4B32 /* GPSUserRoleVC.m */ = {isa = PBXFileReference; fileEncoding = 4; lastKnownFileType = sourcecode.c.objc; lineEnding = 0; name = GPSUserRoleVC.m; path = PinPoint/GPSUserRoleVC.m; sourceTree = "<group>"; xcLanguageSpecificationIdentifier = xcode.lang.objc; };
		39DAB3E919B1AC7400DA3EBC /* setting_1@2x~iPhone.png */ = {isa = PBXFileReference; lastKnownFileType = image.png; path = "setting_1@2x~iPhone.png"; sourceTree = "<group>"; };
		39EF5D2C19B746ED002C2BFD /* highfin-5.png */ = {isa = PBXFileReference; lastKnownFileType = image.png; name = "highfin-5.png"; path = "PinPoint/highfin-5.png"; sourceTree = "<group>"; };
		39F5351C197E8288008F4AAA /* login-button@2x.png */ = {isa = PBXFileReference; lastKnownFileType = image.png; path = "login-button@2x.png"; sourceTree = "<group>"; };
		39F5351D197E8288008F4AAA /* password@2x.png */ = {isa = PBXFileReference; lastKnownFileType = image.png; path = "password@2x.png"; sourceTree = "<group>"; };
		39F5351E197E8288008F4AAA /* text-field-bg@2x.png */ = {isa = PBXFileReference; lastKnownFileType = image.png; path = "text-field-bg@2x.png"; sourceTree = "<group>"; };
		39F5351F197E8288008F4AAA /* user@2x.png */ = {isa = PBXFileReference; lastKnownFileType = image.png; path = "user@2x.png"; sourceTree = "<group>"; };
		39F53525197E829D008F4AAA /* password.png */ = {isa = PBXFileReference; lastKnownFileType = image.png; path = password.png; sourceTree = "<group>"; };
		39F53526197E829D008F4AAA /* user.png */ = {isa = PBXFileReference; lastKnownFileType = image.png; path = user.png; sourceTree = "<group>"; };
		39F5352A197E84A1008F4AAA /* QuartzCore.framework */ = {isa = PBXFileReference; lastKnownFileType = wrapper.framework; name = QuartzCore.framework; path = System/Library/Frameworks/QuartzCore.framework; sourceTree = SDKROOT; };
		6B143E521D9901EF00B4A301 /* car-pin-green@2x.png */ = {isa = PBXFileReference; lastKnownFileType = image.png; path = "car-pin-green@2x.png"; sourceTree = "<group>"; };
		6B143E531D9901EF00B4A301 /* car-pin-red@2x.png */ = {isa = PBXFileReference; lastKnownFileType = image.png; path = "car-pin-red@2x.png"; sourceTree = "<group>"; };
		6B143E541D9901EF00B4A301 /* car-pin-yellow@2x.png */ = {isa = PBXFileReference; lastKnownFileType = image.png; path = "car-pin-yellow@2x.png"; sourceTree = "<group>"; };
		6B245E4119CFEF1800018E29 /* CoreFoundation.framework */ = {isa = PBXFileReference; lastKnownFileType = wrapper.framework; name = CoreFoundation.framework; path = System/Library/Frameworks/CoreFoundation.framework; sourceTree = SDKROOT; };
		6B245E4719CFF93100018E29 /* CFNetwork.framework */ = {isa = PBXFileReference; lastKnownFileType = wrapper.framework; name = CFNetwork.framework; path = System/Library/Frameworks/CFNetwork.framework; sourceTree = SDKROOT; };
		6B4C55B419EE9110007F6815 /* map-icon@2x.png */ = {isa = PBXFileReference; lastKnownFileType = image.png; path = "map-icon@2x.png"; sourceTree = "<group>"; };
		6B652EF019D1933000D96A6C /* Default-568h@2x.png */ = {isa = PBXFileReference; lastKnownFileType = image.png; path = "Default-568h@2x.png"; sourceTree = "<group>"; };
		AC3B0B7619857D860099E91D /* GPSUserDetailVC.h */ = {isa = PBXFileReference; fileEncoding = 4; lastKnownFileType = sourcecode.c.h; path = GPSUserDetailVC.h; sourceTree = "<group>"; };
		AC3B0B7719857D860099E91D /* GPSUserDetailVC.m */ = {isa = PBXFileReference; fileEncoding = 4; lastKnownFileType = sourcecode.c.objc; lineEnding = 0; path = GPSUserDetailVC.m; sourceTree = "<group>"; xcLanguageSpecificationIdentifier = xcode.lang.objc; };
		AC3B0B791985E1150099E91D /* GPSVehDetailVC.h */ = {isa = PBXFileReference; fileEncoding = 4; lastKnownFileType = sourcecode.c.h; path = GPSVehDetailVC.h; sourceTree = "<group>"; };
		AC3B0B7A1985E1150099E91D /* GPSVehDetailVC.m */ = {isa = PBXFileReference; fileEncoding = 4; lastKnownFileType = sourcecode.c.objc; lineEnding = 0; path = GPSVehDetailVC.m; sourceTree = "<group>"; xcLanguageSpecificationIdentifier = xcode.lang.objc; };
		AC3B0B7C1985E1360099E91D /* GPSGroupDetailVC.h */ = {isa = PBXFileReference; fileEncoding = 4; lastKnownFileType = sourcecode.c.h; path = GPSGroupDetailVC.h; sourceTree = "<group>"; };
		AC3B0B7D1985E1360099E91D /* GPSGroupDetailVC.m */ = {isa = PBXFileReference; fileEncoding = 4; lastKnownFileType = sourcecode.c.objc; lineEnding = 0; path = GPSGroupDetailVC.m; sourceTree = "<group>"; xcLanguageSpecificationIdentifier = xcode.lang.objc; };
		BA34C18A2005E9C900390D4B /* GoogleMapsCore.framework */ = {isa = PBXFileReference; lastKnownFileType = wrapper.framework; path = GoogleMapsCore.framework; sourceTree = "<group>"; };
		BA34C18B2005E9CD00390D4B /* GoogleMaps.framework */ = {isa = PBXFileReference; lastKnownFileType = wrapper.framework; path = GoogleMaps.framework; sourceTree = "<group>"; };
		BA34C18E2005E9D000390D4B /* GoogleMapsBase.framework */ = {isa = PBXFileReference; lastKnownFileType = wrapper.framework; path = GoogleMapsBase.framework; sourceTree = "<group>"; };
		BA34C1902005E9F000390D4B /* GoogleMaps.bundle */ = {isa = PBXFileReference; lastKnownFileType = "wrapper.plug-in"; name = GoogleMaps.bundle; path = GoogleMaps.framework/Resources/GoogleMaps.bundle; sourceTree = "<group>"; };
		C42C1C6126F32DCD004E83A7 /* iTunesArtwork@2x */ = {isa = PBXFileReference; lastKnownFileType = file; path = "iTunesArtwork@2x"; sourceTree = "<group>"; };
		C42C1C6226F32DCD004E83A7 /* iTunesArtwork@1x */ = {isa = PBXFileReference; lastKnownFileType = file; path = "iTunesArtwork@1x"; sourceTree = "<group>"; };
		C42C1C6526F32DEF004E83A7 /* iTunesArtwork@3x */ = {isa = PBXFileReference; lastKnownFileType = file; path = "iTunesArtwork@3x"; sourceTree = "<group>"; };
/* End PBXFileReference section */

/* Begin PBXFrameworksBuildPhase section */
		390C0BDE197D2EC40047BEB9 /* Frameworks */ = {
			isa = PBXFrameworksBuildPhase;
			buildActionMask = 2147483647;
			files = (
				6B245E4819CFF93100018E29 /* CFNetwork.framework in Frameworks */,
				6B245E4219CFEF1800018E29 /* CoreFoundation.framework in Frameworks */,
				393F58A4198B656700843EAD /* MessageUI.framework in Frameworks */,
				397DF089197FB85D001F6688 /* CoreLocation.framework in Frameworks */,
				397DF099197FB8A8001F6688 /* SystemConfiguration.framework in Frameworks */,
				397DF097197FB896001F6688 /* OpenGLES.framework in Frameworks */,
				397DF095197FB88F001F6688 /* libz.dylib in Frameworks */,
				397DF093197FB885001F6688 /* libicucore.dylib in Frameworks */,
				397DF091197FB87A001F6688 /* libc++.dylib in Frameworks */,
				BA34C18F2005E9D100390D4B /* GoogleMapsBase.framework in Frameworks */,
				397DF08F197FB871001F6688 /* ImageIO.framework in Frameworks */,
				397DF08D197FB86A001F6688 /* GLKit.framework in Frameworks */,
				BA34C18C2005E9CD00390D4B /* GoogleMapsCore.framework in Frameworks */,
				397DF08B197FB864001F6688 /* CoreText.framework in Frameworks */,
				397DF087197FB857001F6688 /* CoreData.framework in Frameworks */,
				397DF085197FB850001F6688 /* AVFoundation.framework in Frameworks */,
				39F5352B197E84A1008F4AAA /* QuartzCore.framework in Frameworks */,
				390C0BE7197D2EC40047BEB9 /* CoreGraphics.framework in Frameworks */,
				390C0BE9197D2EC40047BEB9 /* UIKit.framework in Frameworks */,
				BA34C18D2005E9CD00390D4B /* GoogleMaps.framework in Frameworks */,
				390C0BE5197D2EC40047BEB9 /* Foundation.framework in Frameworks */,
			);
			runOnlyForDeploymentPostprocessing = 0;
		};
		390C0C02197D2EC40047BEB9 /* Frameworks */ = {
			isa = PBXFrameworksBuildPhase;
			buildActionMask = 2147483647;
			files = (
				390C0C07197D2EC40047BEB9 /* XCTest.framework in Frameworks */,
				390C0C09197D2EC40047BEB9 /* UIKit.framework in Frameworks */,
				390C0C08197D2EC40047BEB9 /* Foundation.framework in Frameworks */,
			);
			runOnlyForDeploymentPostprocessing = 0;
		};
/* End PBXFrameworksBuildPhase section */

/* Begin PBXGroup section */
		390C0BD8197D2EC40047BEB9 = {
			isa = PBXGroup;
			children = (
				C42C1C6226F32DCD004E83A7 /* iTunesArtwork@1x */,
				C42C1C6126F32DCD004E83A7 /* iTunesArtwork@2x */,
				C42C1C6526F32DEF004E83A7 /* iTunesArtwork@3x */,
				6B652EF019D1933000D96A6C /* Default-568h@2x.png */,
				39C126F219B98D3200505CB1 /* Images.xcassets */,
				39996639197E6F8700974FFD /* External Library */,
				390C0BEA197D2EC40047BEB9 /* PinPoint */,
				390C0C0C197D2EC40047BEB9 /* PinPointTests */,
				390C0BE3197D2EC40047BEB9 /* Frameworks */,
				390C0BE2197D2EC40047BEB9 /* Products */,
			);
			sourceTree = "<group>";
		};
		390C0BE2197D2EC40047BEB9 /* Products */ = {
			isa = PBXGroup;
			children = (
				390C0BE1197D2EC40047BEB9 /* PinPoint.app */,
				390C0C05197D2EC40047BEB9 /* PinPointTests.xctest */,
			);
			name = Products;
			sourceTree = "<group>";
		};
		390C0BE3197D2EC40047BEB9 /* Frameworks */ = {
			isa = PBXGroup;
			children = (
				BA34C1902005E9F000390D4B /* GoogleMaps.bundle */,
				BA34C18B2005E9CD00390D4B /* GoogleMaps.framework */,
				BA34C18E2005E9D000390D4B /* GoogleMapsBase.framework */,
				BA34C18A2005E9C900390D4B /* GoogleMapsCore.framework */,
				6B245E4719CFF93100018E29 /* CFNetwork.framework */,
				6B245E4119CFEF1800018E29 /* CoreFoundation.framework */,
				393F58A3198B656700843EAD /* MessageUI.framework */,
				397DF098197FB8A8001F6688 /* SystemConfiguration.framework */,
				397DF096197FB896001F6688 /* OpenGLES.framework */,
				397DF094197FB88F001F6688 /* libz.dylib */,
				397DF092197FB885001F6688 /* libicucore.dylib */,
				397DF090197FB87A001F6688 /* libc++.dylib */,
				397DF08E197FB871001F6688 /* ImageIO.framework */,
				397DF08C197FB86A001F6688 /* GLKit.framework */,
				397DF08A197FB864001F6688 /* CoreText.framework */,
				397DF088197FB85D001F6688 /* CoreLocation.framework */,
				397DF086197FB857001F6688 /* CoreData.framework */,
				397DF084197FB850001F6688 /* AVFoundation.framework */,
				39F5352A197E84A1008F4AAA /* QuartzCore.framework */,
				390C0BE4197D2EC40047BEB9 /* Foundation.framework */,
				390C0BE6197D2EC40047BEB9 /* CoreGraphics.framework */,
				390C0BE8197D2EC40047BEB9 /* UIKit.framework */,
				390C0C06197D2EC40047BEB9 /* XCTest.framework */,
			);
			name = Frameworks;
			sourceTree = "<group>";
		};
		390C0BEA197D2EC40047BEB9 /* PinPoint */ = {
			isa = PBXGroup;
			children = (
				399128F919B05EF700D4D2A0 /* iPad */,
				393F58AB198BA4C900843EAD /* SMS Command */,
				393B5A52198130440075855A /* Admin */,
				393B5A431980EB8F0075855A /* Map Setting */,
				399D7E04197FD2920049C434 /* Map */,
				3999664B197E802E00974FFD /* Storyboard */,
				3999664C197E803C00974FFD /* Menu */,
				39996649197E801500974FFD /* App Delegate */,
				39996645197E7FC200974FFD /* LogIn */,
				390C0BEB197D2EC40047BEB9 /* Supporting Files */,
			);
			path = PinPoint;
			sourceTree = "<group>";
		};
		390C0BEB197D2EC40047BEB9 /* Supporting Files */ = {
			isa = PBXGroup;
			children = (
				6B4C55B419EE9110007F6815 /* map-icon@2x.png */,
				399737B119B8A3AA002A929E /* iTunesArtwork */,
				393B5A441980F9D90075855A /* timezone.txt */,
				3977E1B4197FEB7A002C3C59 /* IMAGES */,
				390C0BEC197D2EC40047BEB9 /* PinPoint-Info.plist */,
				390C0BED197D2EC40047BEB9 /* InfoPlist.strings */,
				390C0BF0197D2EC40047BEB9 /* main.m */,
				390C0BF2197D2EC40047BEB9 /* PinPoint-Prefix.pch */,
			);
			name = "Supporting Files";
			sourceTree = "<group>";
		};
		390C0C0C197D2EC40047BEB9 /* PinPointTests */ = {
			isa = PBXGroup;
			children = (
				390C0C12197D2EC40047BEB9 /* PinPointTests.m */,
				390C0C0D197D2EC40047BEB9 /* Supporting Files */,
			);
			path = PinPointTests;
			sourceTree = "<group>";
		};
		390C0C0D197D2EC40047BEB9 /* Supporting Files */ = {
			isa = PBXGroup;
			children = (
				390C0C0E197D2EC40047BEB9 /* PinPointTests-Info.plist */,
				390C0C0F197D2EC40047BEB9 /* InfoPlist.strings */,
			);
			name = "Supporting Files";
			sourceTree = "<group>";
		};
		390C0C25197D2FFB0047BEB9 /* RESideMenu */ = {
			isa = PBXGroup;
			children = (
				390C0C1C197D2FF70047BEB9 /* RECommonFunctions.h */,
				390C0C1D197D2FF70047BEB9 /* RECommonFunctions.m */,
				390C0C1E197D2FF70047BEB9 /* RESideMenu.h */,
				390C0C1F197D2FF70047BEB9 /* RESideMenu.m */,
				390C0C20197D2FF70047BEB9 /* UIViewController+RESideMenu.h */,
				390C0C21197D2FF70047BEB9 /* UIViewController+RESideMenu.m */,
			);
			name = RESideMenu;
			sourceTree = "<group>";
		};
		391209C619AE0A140010BEF5 /* new pins */ = {
			isa = PBXGroup;
			children = (
				6B143E521D9901EF00B4A301 /* car-pin-green@2x.png */,
				6B143E531D9901EF00B4A301 /* car-pin-red@2x.png */,
				6B143E541D9901EF00B4A301 /* car-pin-yellow@2x.png */,
				39EF5D2C19B746ED002C2BFD /* highfin-5.png */,
				391209C719AE0A360010BEF5 /* pin30_blue_h0@2x.png */,
				391209C819AE0A360010BEF5 /* pin30_blue_h1@2x.png */,
				391209C919AE0A360010BEF5 /* pin30_blue_h2@2x.png */,
				391209CA19AE0A360010BEF5 /* pin30_blue_h3@2x.png */,
				391209CB19AE0A360010BEF5 /* pin30_blue_h4@2x.png */,
				391209CC19AE0A360010BEF5 /* pin30_blue_h5@2x.png */,
				391209CD19AE0A360010BEF5 /* pin30_blue_h6@2x.png */,
				391209CE19AE0A360010BEF5 /* pin30_blue_h7@2x.png */,
				391209CF19AE0A360010BEF5 /* pin30_green_h0@2x.png */,
				391209D019AE0A360010BEF5 /* pin30_green_h1@2x.png */,
				391209D119AE0A360010BEF5 /* pin30_green_h2@2x.png */,
				391209D219AE0A360010BEF5 /* pin30_green_h3@2x.png */,
				391209D319AE0A360010BEF5 /* pin30_green_h4@2x.png */,
				391209D419AE0A360010BEF5 /* pin30_green_h5@2x.png */,
				391209D519AE0A360010BEF5 /* pin30_green_h6@2x.png */,
				391209D619AE0A360010BEF5 /* pin30_green_h7@2x.png */,
				391209D719AE0A360010BEF5 /* pin30_red@2x.png */,
				391209D819AE0A360010BEF5 /* pin30_yellow_h0@2x.png */,
				391209D919AE0A360010BEF5 /* pin30_yellow_h1@2x.png */,
				391209DA19AE0A360010BEF5 /* pin30_yellow_h2@2x.png */,
				391209DB19AE0A360010BEF5 /* pin30_yellow_h3@2x.png */,
				391209DC19AE0A360010BEF5 /* pin30_yellow_h4@2x.png */,
				391209DD19AE0A360010BEF5 /* pin30_yellow_h5@2x.png */,
				391209DE19AE0A360010BEF5 /* pin30_yellow_h6@2x.png */,
				391209DF19AE0A360010BEF5 /* pin30_yellow_h7@2x.png */,
			);
			name = "new pins";
			path = ..;
			sourceTree = "<group>";
		};
		393B5A431980EB8F0075855A /* Map Setting */ = {
			isa = PBXGroup;
			children = (
				393B5A401980EB880075855A /* GPSVehSettingVC.h */,
				393B5A411980EB880075855A /* GPSVehSettingVC.m */,
			);
			name = "Map Setting";
			path = ..;
			sourceTree = "<group>";
		};
		393B5A52198130440075855A /* Admin */ = {
			isa = PBXGroup;
			children = (
				39C204E8198FBFCB002D4B32 /* User Role */,
				399C0C331988DF8B00A5E62C /* Admin List View */,
				399C0C321988DF7700A5E62C /* User Admin Detail */,
				399C0C311988DF6A00A5E62C /* Vehicle Admin Detail */,
				399C0C301988DF5300A5E62C /* Group Admin Detail */,
				399C0C2F1988DF3D00A5E62C /* Account */,
			);
			name = Admin;
			path = ..;
			sourceTree = "<group>";
		};
		393F58AB198BA4C900843EAD /* SMS Command */ = {
			isa = PBXGroup;
			children = (
				393F58A0198B53AA00843EAD /* GPSSMSViewController.h */,
				393F58A1198B53AA00843EAD /* GPSSMSViewController.m */,
			);
			name = "SMS Command";
			path = ..;
			sourceTree = "<group>";
		};
		396A6C101987C9DB00311CE5 /* Custom TableView Cell */ = {
			isa = PBXGroup;
			children = (
				396A6C1B1987D6EA00311CE5 /* RightMenuTableViewCell.h */,
				396A6C1C1987D6EA00311CE5 /* RightMenuTableViewCell.m */,
				396A6C0D1987C9D600311CE5 /* ParentCell.h */,
				396A6C0E1987C9D600311CE5 /* ParentCell.m */,
			);
			name = "Custom TableView Cell";
			path = ..;
			sourceTree = "<group>";
		};
		3977E1B4197FEB7A002C3C59 /* IMAGES */ = {
			isa = PBXGroup;
			children = (
				399161C7198A5ECB0003612C /* icon */,
				391209C619AE0A140010BEF5 /* new pins */,
				3999EEC11994991500B2EA17 /* pin-mid@2x.png */,
				3999EEC21994991500B2EA17 /* pin-stop@2x.png */,
				393F58A9198B7BE800843EAD /* sms@2x.png */,
				393F58A7198B7BB300843EAD /* message@2x.png */,
				397F0CF3198A1682009FE0F4 /* setting_1@2x.png */,
				39DAB3E919B1AC7400DA3EBC /* setting_1@2x~iPhone.png */,
				397F0CF1198A0CF6009FE0F4 /* pushpin.png */,
				399C0C281988C7DD00A5E62C /* transperent.png */,
				3941510E1989314700598AF1 /* administration@2x.png */,
				3941510F1989314700598AF1 /* cancel@2x.png */,
				394151101989314700598AF1 /* down-arrow@2x.png */,
				394151111989314700598AF1 /* logout@2x.png */,
				394151121989314700598AF1 /* mapping@2x.png */,
				394151131989314700598AF1 /* save@2x.png */,
				394151141989314700598AF1 /* up-arrow@2x.png */,
				394151061989310800598AF1 /* border-200px.png */,
				394151071989310800598AF1 /* border.png */,
				395DFD85197F8B89009438E8 /* menu@2x.png */,
				39F53525197E829D008F4AAA /* password.png */,
				39F53526197E829D008F4AAA /* user.png */,
				39F5351C197E8288008F4AAA /* login-button@2x.png */,
				39F5351D197E8288008F4AAA /* password@2x.png */,
				39F5351E197E8288008F4AAA /* text-field-bg@2x.png */,
				39F5351F197E8288008F4AAA /* user@2x.png */,
				39996637197E3CF600974FFD /* seprater_line.png */,
			);
			name = IMAGES;
			sourceTree = "<group>";
		};
		399128F919B05EF700D4D2A0 /* iPad */ = {
			isa = PBXGroup;
			children = (
			);
			name = iPad;
			sourceTree = "<group>";
		};
		399161C7198A5ECB0003612C /* icon */ = {
			isa = PBXGroup;
			children = (
				3955ECF019B43B1900B5288D /* Icon-60@2x.png */,
				3955ECF119B43B1900B5288D /* Icon-76.png */,
				3955ECF219B43B1900B5288D /* Icon-76@2x.png */,
				3955ECF319B43B1900B5288D /* Icon.png */,
				3955ECF419B43B1900B5288D /* Icon@2x.png */,
			);
			name = icon;
			path = ..;
			sourceTree = "<group>";
		};
		39996639197E6F8700974FFD /* External Library */ = {
			isa = PBXGroup;
			children = (
				3999663E197E7F6B00974FFD /* Network Rechability */,
				3999663A197E6F9700974FFD /* MBProgressHud */,
				390C0C25197D2FFB0047BEB9 /* RESideMenu */,
			);
			name = "External Library";
			sourceTree = "<group>";
		};
		3999663A197E6F9700974FFD /* MBProgressHud */ = {
			isa = PBXGroup;
			children = (
				3999663B197E6FB300974FFD /* MBProgressHUD.h */,
				3999663C197E6FB300974FFD /* MBProgressHUD.m */,
			);
			name = MBProgressHud;
			sourceTree = "<group>";
		};
		3999663E197E7F6B00974FFD /* Network Rechability */ = {
			isa = PBXGroup;
			children = (
				3999663F197E7F8400974FFD /* Reachability.h */,
				39996640197E7F8400974FFD /* Reachability.m */,
			);
			name = "Network Rechability";
			sourceTree = "<group>";
		};
		39996645197E7FC200974FFD /* LogIn */ = {
			isa = PBXGroup;
			children = (
				39996642197E7FBA00974FFD /* GPSLoginVC.h */,
				39996643197E7FBA00974FFD /* GPSLoginVC.m */,
			);
			name = LogIn;
			sourceTree = "<group>";
		};
		39996646197E7FD300974FFD /* Main Menu */ = {
			isa = PBXGroup;
			children = (
				390C0C2C197D30460047BEB9 /* GPSLeftMenuVC.h */,
				390C0C2D197D30460047BEB9 /* GPSLeftMenuVC.m */,
			);
			name = "Main Menu";
			sourceTree = "<group>";
		};
		39996647197E7FE100974FFD /* Right Side Menu */ = {
			isa = PBXGroup;
			children = (
				390C0C26197D30340047BEB9 /* GPSRightMenuVC.h */,
				390C0C27197D30340047BEB9 /* GPSRightMenuVC.m */,
			);
			name = "Right Side Menu";
			sourceTree = "<group>";
		};
		39996648197E7FF100974FFD /* Menu Root file  */ = {
			isa = PBXGroup;
			children = (
				390C0C28197D30340047BEB9 /* GPSRootViewController.h */,
				390C0C29197D30340047BEB9 /* GPSRootViewController.m */,
			);
			name = "Menu Root file ";
			sourceTree = "<group>";
		};
		39996649197E801500974FFD /* App Delegate */ = {
			isa = PBXGroup;
			children = (
				390C0BF3197D2EC40047BEB9 /* GPSAppDelegate.h */,
				390C0BF4197D2EC40047BEB9 /* GPSAppDelegate.m */,
			);
			name = "App Delegate";
			sourceTree = "<group>";
		};
		3999664B197E802E00974FFD /* Storyboard */ = {
			isa = PBXGroup;
			children = (
				399128FA19B05FCB00D4D2A0 /* Main_iPad.storyboard */,
				390C0BF6197D2EC40047BEB9 /* Main_iPhone.storyboard */,
			);
			name = Storyboard;
			sourceTree = "<group>";
		};
		3999664C197E803C00974FFD /* Menu */ = {
			isa = PBXGroup;
			children = (
				396A6C101987C9DB00311CE5 /* Custom TableView Cell */,
				39996648197E7FF100974FFD /* Menu Root file  */,
				39996647197E7FE100974FFD /* Right Side Menu */,
				39996646197E7FD300974FFD /* Main Menu */,
			);
			name = Menu;
			sourceTree = "<group>";
		};
		399C0C2F1988DF3D00A5E62C /* Account */ = {
			isa = PBXGroup;
			children = (
				393B5A461981303D0075855A /* GPSAccountAdminVC.h */,
				393B5A471981303D0075855A /* GPSAccountAdminVC.m */,
			);
			name = Account;
			sourceTree = "<group>";
		};
		399C0C301988DF5300A5E62C /* Group Admin Detail */ = {
			isa = PBXGroup;
			children = (
				AC3B0B7C1985E1360099E91D /* GPSGroupDetailVC.h */,
				AC3B0B7D1985E1360099E91D /* GPSGroupDetailVC.m */,
			);
			name = "Group Admin Detail";
			sourceTree = "<group>";
		};
		399C0C311988DF6A00A5E62C /* Vehicle Admin Detail */ = {
			isa = PBXGroup;
			children = (
				AC3B0B791985E1150099E91D /* GPSVehDetailVC.h */,
				AC3B0B7A1985E1150099E91D /* GPSVehDetailVC.m */,
			);
			name = "Vehicle Admin Detail";
			sourceTree = "<group>";
		};
		399C0C321988DF7700A5E62C /* User Admin Detail */ = {
			isa = PBXGroup;
			children = (
				AC3B0B7619857D860099E91D /* GPSUserDetailVC.h */,
				AC3B0B7719857D860099E91D /* GPSUserDetailVC.m */,
			);
			name = "User Admin Detail";
			sourceTree = "<group>";
		};
		399C0C331988DF8B00A5E62C /* Admin List View */ = {
			isa = PBXGroup;
			children = (
				39042FA0198145DB00E263BE /* GPSAdminViewLsitController.h */,
				39042FA1198145DB00E263BE /* GPSAdminViewLsitController.m */,
			);
			name = "Admin List View";
			sourceTree = "<group>";
		};
		399D7E04197FD2920049C434 /* Map */ = {
			isa = PBXGroup;
			children = (
				399D7E0E197FEA7A0049C434 /* GPSMarkerWindow.h */,
				399D7E0F197FEA7A0049C434 /* GPSMarkerWindow.m */,
				399D7E05197FD2B00049C434 /* GPSMapVC.h */,
				399D7E06197FD2B00049C434 /* GPSMapVC.m */,
			);
			name = Map;
			path = ..;
			sourceTree = "<group>";
		};
		39C204E8198FBFCB002D4B32 /* User Role */ = {
			isa = PBXGroup;
			children = (
				39C204EA198FC4A2002D4B32 /* GPSUserRoleVC.h */,
				39C204EB198FC4A2002D4B32 /* GPSUserRoleVC.m */,
			);
			name = "User Role";
			sourceTree = "<group>";
		};
/* End PBXGroup section */

/* Begin PBXNativeTarget section */
		390C0BE0197D2EC40047BEB9 /* PinPoint */ = {
			isa = PBXNativeTarget;
			buildConfigurationList = 390C0C16197D2EC40047BEB9 /* Build configuration list for PBXNativeTarget "PinPoint" */;
			buildPhases = (
				390C0BDD197D2EC40047BEB9 /* Sources */,
				390C0BDE197D2EC40047BEB9 /* Frameworks */,
				390C0BDF197D2EC40047BEB9 /* Resources */,
			);
			buildRules = (
			);
			dependencies = (
			);
			name = PinPoint;
			productName = PinPoint;
			productReference = 390C0BE1197D2EC40047BEB9 /* PinPoint.app */;
			productType = "com.apple.product-type.application";
		};
		390C0C04197D2EC40047BEB9 /* PinPointTests */ = {
			isa = PBXNativeTarget;
			buildConfigurationList = 390C0C19197D2EC40047BEB9 /* Build configuration list for PBXNativeTarget "PinPointTests" */;
			buildPhases = (
				390C0C01197D2EC40047BEB9 /* Sources */,
				390C0C02197D2EC40047BEB9 /* Frameworks */,
				390C0C03197D2EC40047BEB9 /* Resources */,
			);
			buildRules = (
			);
			dependencies = (
				390C0C0B197D2EC40047BEB9 /* PBXTargetDependency */,
			);
			name = PinPointTests;
			productName = PinPointTests;
			productReference = 390C0C05197D2EC40047BEB9 /* PinPointTests.xctest */;
			productType = "com.apple.product-type.bundle.unit-test";
		};
/* End PBXNativeTarget section */

/* Begin PBXProject section */
		390C0BD9197D2EC40047BEB9 /* Project object */ = {
			isa = PBXProject;
			attributes = {
				CLASSPREFIX = GPS;
				LastUpgradeCheck = 0510;
				ORGANIZATIONNAME = "Dhara Shah";
				TargetAttributes = {
					390C0BE0197D2EC40047BEB9 = {
						DevelopmentTeam = E5HE6Y4WLB;
						ProvisioningStyle = Automatic;
						SystemCapabilities = {
							com.apple.BackgroundModes = {
								enabled = 0;
							};
							com.apple.Maps.iOS = {
								enabled = 0;
							};
							com.apple.iOS = {
								enabled = 0;
							};
						};
					};
					390C0C04197D2EC40047BEB9 = {
						TestTargetID = 390C0BE0197D2EC40047BEB9;
					};
				};
			};
			buildConfigurationList = 390C0BDC197D2EC40047BEB9 /* Build configuration list for PBXProject "PinPoint" */;
			compatibilityVersion = "Xcode 3.2";
			developmentRegion = English;
			hasScannedForEncodings = 0;
			knownRegions = (
				English,
				en,
				Base,
			);
			mainGroup = 390C0BD8197D2EC40047BEB9;
			productRefGroup = 390C0BE2197D2EC40047BEB9 /* Products */;
			projectDirPath = "";
			projectRoot = "";
			targets = (
				390C0BE0197D2EC40047BEB9 /* PinPoint */,
				390C0C04197D2EC40047BEB9 /* PinPointTests */,
			);
		};
/* End PBXProject section */

/* Begin PBXResourcesBuildPhase section */
		390C0BDF197D2EC40047BEB9 /* Resources */ = {
			isa = PBXResourcesBuildPhase;
			buildActionMask = 2147483647;
			files = (
				394151161989314700598AF1 /* cancel@2x.png in Resources */,
				C42C1C6626F32DEF004E83A7 /* iTunesArtwork@3x in Resources */,
				391209E519AE0A360010BEF5 /* pin30_blue_h5@2x.png in Resources */,
				391209E019AE0A360010BEF5 /* pin30_blue_h0@2x.png in Resources */,
				391209F219AE0A360010BEF5 /* pin30_yellow_h1@2x.png in Resources */,
				3955ECF819B43B1900B5288D /* Icon.png in Resources */,
				394151191989314700598AF1 /* mapping@2x.png in Resources */,
				6B143E551D9901EF00B4A301 /* car-pin-green@2x.png in Resources */,
				397F0CF4198A1682009FE0F4 /* setting_1@2x.png in Resources */,
				391209F819AE0A360010BEF5 /* pin30_yellow_h7@2x.png in Resources */,
				3941510A1989310800598AF1 /* border-200px.png in Resources */,
				394151171989314700598AF1 /* down-arrow@2x.png in Resources */,
				391209E319AE0A360010BEF5 /* pin30_blue_h3@2x.png in Resources */,
				3999EEC41994991500B2EA17 /* pin-stop@2x.png in Resources */,
				3955ECF619B43B1900B5288D /* Icon-76.png in Resources */,
				391209EA19AE0A360010BEF5 /* pin30_green_h2@2x.png in Resources */,
				3955ECF919B43B1900B5288D /* Icon@2x.png in Resources */,
				C42C1C6426F32DCD004E83A7 /* iTunesArtwork@1x in Resources */,
				3941511B1989314700598AF1 /* up-arrow@2x.png in Resources */,
				399737B319B8A3AA002A929E /* iTunesArtwork in Resources */,
				394151181989314700598AF1 /* logout@2x.png in Resources */,
				393B5A451980F9D90075855A /* timezone.txt in Resources */,
				391209F119AE0A360010BEF5 /* pin30_yellow_h0@2x.png in Resources */,
				391209E619AE0A360010BEF5 /* pin30_blue_h6@2x.png in Resources */,
				3999EEC31994991500B2EA17 /* pin-mid@2x.png in Resources */,
				6B652EF119D1933000D96A6C /* Default-568h@2x.png in Resources */,
				39F53522197E8288008F4AAA /* text-field-bg@2x.png in Resources */,
				391209E419AE0A360010BEF5 /* pin30_blue_h4@2x.png in Resources */,
				39F53521197E8288008F4AAA /* password@2x.png in Resources */,
				393F58AA198B7BE800843EAD /* sms@2x.png in Resources */,
				399C0C291988C7DD00A5E62C /* transperent.png in Resources */,
				393F58A8198B7BB300843EAD /* message@2x.png in Resources */,
				391209F319AE0A360010BEF5 /* pin30_yellow_h2@2x.png in Resources */,
				391209E919AE0A360010BEF5 /* pin30_green_h1@2x.png in Resources */,
				3955ECF519B43B1900B5288D /* Icon-60@2x.png in Resources */,
				391209F019AE0A360010BEF5 /* pin30_red@2x.png in Resources */,
				390C0BF8197D2EC40047BEB9 /* Main_iPhone.storyboard in Resources */,
				391209F519AE0A360010BEF5 /* pin30_yellow_h4@2x.png in Resources */,
				391209E819AE0A360010BEF5 /* pin30_green_h0@2x.png in Resources */,
				394151151989314700598AF1 /* administration@2x.png in Resources */,
				390C0BEF197D2EC40047BEB9 /* InfoPlist.strings in Resources */,
				391209EC19AE0A360010BEF5 /* pin30_green_h4@2x.png in Resources */,
				39DAB3EA19B1AC7400DA3EBC /* setting_1@2x~iPhone.png in Resources */,
				397F0CF2198A0CF6009FE0F4 /* pushpin.png in Resources */,
				391209E119AE0A360010BEF5 /* pin30_blue_h1@2x.png in Resources */,
				391209EB19AE0A360010BEF5 /* pin30_green_h3@2x.png in Resources */,
				391209ED19AE0A360010BEF5 /* pin30_green_h5@2x.png in Resources */,
				39C126F319B98D3200505CB1 /* Images.xcassets in Resources */,
				3941510B1989310800598AF1 /* border.png in Resources */,
				BA34C1912005E9F000390D4B /* GoogleMaps.bundle in Resources */,
				3955ECF719B43B1900B5288D /* Icon-76@2x.png in Resources */,
				391209EF19AE0A360010BEF5 /* pin30_green_h7@2x.png in Resources */,
				39F53523197E8288008F4AAA /* user@2x.png in Resources */,
				399128FB19B05FCB00D4D2A0 /* Main_iPad.storyboard in Resources */,
				39F53529197E829D008F4AAA /* user.png in Resources */,
				395DFD87197F8B89009438E8 /* menu@2x.png in Resources */,
				39996638197E3CF600974FFD /* seprater_line.png in Resources */,
				391209E219AE0A360010BEF5 /* pin30_blue_h2@2x.png in Resources */,
				391209F619AE0A360010BEF5 /* pin30_yellow_h5@2x.png in Resources */,
				391209F719AE0A360010BEF5 /* pin30_yellow_h6@2x.png in Resources */,
				39EF5D2D19B746ED002C2BFD /* highfin-5.png in Resources */,
				6B4C55B519EE9111007F6815 /* map-icon@2x.png in Resources */,
				6B143E561D9901EF00B4A301 /* car-pin-red@2x.png in Resources */,
				391209E719AE0A360010BEF5 /* pin30_blue_h7@2x.png in Resources */,
				391209F419AE0A360010BEF5 /* pin30_yellow_h3@2x.png in Resources */,
				391209EE19AE0A360010BEF5 /* pin30_green_h6@2x.png in Resources */,
				C42C1C6326F32DCD004E83A7 /* iTunesArtwork@2x in Resources */,
				3941511A1989314700598AF1 /* save@2x.png in Resources */,
				6B143E571D9901EF00B4A301 /* car-pin-yellow@2x.png in Resources */,
				39F53528197E829D008F4AAA /* password.png in Resources */,
				39F53520197E8288008F4AAA /* login-button@2x.png in Resources */,
			);
			runOnlyForDeploymentPostprocessing = 0;
		};
		390C0C03197D2EC40047BEB9 /* Resources */ = {
			isa = PBXResourcesBuildPhase;
			buildActionMask = 2147483647;
			files = (
				390C0C11197D2EC40047BEB9 /* InfoPlist.strings in Resources */,
			);
			runOnlyForDeploymentPostprocessing = 0;
		};
/* End PBXResourcesBuildPhase section */

/* Begin PBXSourcesBuildPhase section */
		390C0BDD197D2EC40047BEB9 /* Sources */ = {
			isa = PBXSourcesBuildPhase;
			buildActionMask = 2147483647;
			files = (
				390C0BF1197D2EC40047BEB9 /* main.m in Sources */,
				39C204EC198FC4A2002D4B32 /* GPSUserRoleVC.m in Sources */,
				399D7E07197FD2B00049C434 /* GPSMapVC.m in Sources */,
				390C0BF5197D2EC40047BEB9 /* GPSAppDelegate.m in Sources */,
				399D7E10197FEA7A0049C434 /* GPSMarkerWindow.m in Sources */,
				39996641197E7F8400974FFD /* Reachability.m in Sources */,
				390C0C23197D2FF70047BEB9 /* RESideMenu.m in Sources */,
				AC3B0B7E1985E1360099E91D /* GPSGroupDetailVC.m in Sources */,
				393B5A4E1981303D0075855A /* GPSAccountAdminVC.m in Sources */,
				390C0C30197D30460047BEB9 /* GPSLeftMenuVC.m in Sources */,
				390C0C2B197D30340047BEB9 /* GPSRootViewController.m in Sources */,
				390C0C22197D2FF70047BEB9 /* RECommonFunctions.m in Sources */,
				393F58A2198B53AA00843EAD /* GPSSMSViewController.m in Sources */,
				3999663D197E6FB300974FFD /* MBProgressHUD.m in Sources */,
				390C0C24197D2FF70047BEB9 /* UIViewController+RESideMenu.m in Sources */,
				396A6C1D1987D6EA00311CE5 /* RightMenuTableViewCell.m in Sources */,
				396A6C0F1987C9D600311CE5 /* ParentCell.m in Sources */,
				AC3B0B7819857D860099E91D /* GPSUserDetailVC.m in Sources */,
				393B5A421980EB880075855A /* GPSVehSettingVC.m in Sources */,
				39042FA2198145DB00E263BE /* GPSAdminViewLsitController.m in Sources */,
				390C0C2A197D30340047BEB9 /* GPSRightMenuVC.m in Sources */,
				39996644197E7FBA00974FFD /* GPSLoginVC.m in Sources */,
				AC3B0B7B1985E1150099E91D /* GPSVehDetailVC.m in Sources */,
			);
			runOnlyForDeploymentPostprocessing = 0;
		};
		390C0C01197D2EC40047BEB9 /* Sources */ = {
			isa = PBXSourcesBuildPhase;
			buildActionMask = 2147483647;
			files = (
				390C0C13197D2EC40047BEB9 /* PinPointTests.m in Sources */,
			);
			runOnlyForDeploymentPostprocessing = 0;
		};
/* End PBXSourcesBuildPhase section */

/* Begin PBXTargetDependency section */
		390C0C0B197D2EC40047BEB9 /* PBXTargetDependency */ = {
			isa = PBXTargetDependency;
			target = 390C0BE0197D2EC40047BEB9 /* PinPoint */;
			targetProxy = 390C0C0A197D2EC40047BEB9 /* PBXContainerItemProxy */;
		};
/* End PBXTargetDependency section */

/* Begin PBXVariantGroup section */
		390C0BED197D2EC40047BEB9 /* InfoPlist.strings */ = {
			isa = PBXVariantGroup;
			children = (
				390C0BEE197D2EC40047BEB9 /* en */,
			);
			name = InfoPlist.strings;
			sourceTree = "<group>";
		};
		390C0BF6197D2EC40047BEB9 /* Main_iPhone.storyboard */ = {
			isa = PBXVariantGroup;
			children = (
				390C0BF7197D2EC40047BEB9 /* Base */,
			);
			name = Main_iPhone.storyboard;
			sourceTree = "<group>";
		};
		390C0C0F197D2EC40047BEB9 /* InfoPlist.strings */ = {
			isa = PBXVariantGroup;
			children = (
				390C0C10197D2EC40047BEB9 /* en */,
			);
			name = InfoPlist.strings;
			sourceTree = "<group>";
		};
/* End PBXVariantGroup section */

/* Begin XCBuildConfiguration section */
		390C0C14197D2EC40047BEB9 /* Debug */ = {
			isa = XCBuildConfiguration;
			buildSettings = {
				ALWAYS_SEARCH_USER_PATHS = NO;
				CLANG_CXX_LANGUAGE_STANDARD = "gnu++0x";
				CLANG_CXX_LIBRARY = "libc++";
				CLANG_ENABLE_MODULES = YES;
				CLANG_ENABLE_OBJC_ARC = YES;
				CLANG_WARN_BOOL_CONVERSION = YES;
				CLANG_WARN_CONSTANT_CONVERSION = YES;
				CLANG_WARN_DIRECT_OBJC_ISA_USAGE = YES_ERROR;
				CLANG_WARN_EMPTY_BODY = YES;
				CLANG_WARN_ENUM_CONVERSION = YES;
				CLANG_WARN_INT_CONVERSION = YES;
				CLANG_WARN_OBJC_ROOT_CLASS = YES_ERROR;
				CLANG_WARN__DUPLICATE_METHOD_MATCH = YES;
				CODE_SIGN_IDENTITY = "iPhone Distribution: PinPoint Fleet, Inc. (E5HE6Y4WLB)";
				"CODE_SIGN_IDENTITY[sdk=iphoneos*]" = "iPhone Distribution: PinPoint Fleet, Inc. (E5HE6Y4WLB)";
				COPY_PHASE_STRIP = NO;
				GCC_C_LANGUAGE_STANDARD = gnu99;
				GCC_DYNAMIC_NO_PIC = NO;
				GCC_OPTIMIZATION_LEVEL = 0;
				GCC_PREPROCESSOR_DEFINITIONS = (
					"DEBUG=1",
					"$(inherited)",
				);
				GCC_SYMBOLS_PRIVATE_EXTERN = NO;
				GCC_WARN_64_TO_32_BIT_CONVERSION = YES;
				GCC_WARN_ABOUT_RETURN_TYPE = YES_ERROR;
				GCC_WARN_UNDECLARED_SELECTOR = YES;
				GCC_WARN_UNINITIALIZED_AUTOS = YES_AGGRESSIVE;
				GCC_WARN_UNUSED_FUNCTION = YES;
				GCC_WARN_UNUSED_VARIABLE = YES;
				IPHONEOS_DEPLOYMENT_TARGET = 8.0;
				ONLY_ACTIVE_ARCH = YES;
				OTHER_LDFLAGS = "-ObjC";
				PROVISIONING_PROFILE = "aec94a06-eadc-4f99-b4fc-e9018cdcc2a7";
				SDKROOT = iphoneos;
				TARGETED_DEVICE_FAMILY = "1,2";
			};
			name = Debug;
		};
		390C0C15197D2EC40047BEB9 /* Release */ = {
			isa = XCBuildConfiguration;
			buildSettings = {
				ALWAYS_SEARCH_USER_PATHS = NO;
				CLANG_CXX_LANGUAGE_STANDARD = "gnu++0x";
				CLANG_CXX_LIBRARY = "libc++";
				CLANG_ENABLE_MODULES = YES;
				CLANG_ENABLE_OBJC_ARC = YES;
				CLANG_WARN_BOOL_CONVERSION = YES;
				CLANG_WARN_CONSTANT_CONVERSION = YES;
				CLANG_WARN_DIRECT_OBJC_ISA_USAGE = YES_ERROR;
				CLANG_WARN_EMPTY_BODY = YES;
				CLANG_WARN_ENUM_CONVERSION = YES;
				CLANG_WARN_INT_CONVERSION = YES;
				CLANG_WARN_OBJC_ROOT_CLASS = YES_ERROR;
				CLANG_WARN__DUPLICATE_METHOD_MATCH = YES;
				CODE_SIGN_IDENTITY = "iPhone Distribution: PinPoint Fleet, Inc. (E5HE6Y4WLB)";
				"CODE_SIGN_IDENTITY[sdk=iphoneos*]" = "iPhone Distribution: PinPoint Fleet, Inc. (E5HE6Y4WLB)";
				COPY_PHASE_STRIP = YES;
				ENABLE_NS_ASSERTIONS = NO;
				GCC_C_LANGUAGE_STANDARD = gnu99;
				GCC_WARN_64_TO_32_BIT_CONVERSION = YES;
				GCC_WARN_ABOUT_RETURN_TYPE = YES_ERROR;
				GCC_WARN_UNDECLARED_SELECTOR = YES;
				GCC_WARN_UNINITIALIZED_AUTOS = YES_AGGRESSIVE;
				GCC_WARN_UNUSED_FUNCTION = YES;
				GCC_WARN_UNUSED_VARIABLE = YES;
				IPHONEOS_DEPLOYMENT_TARGET = 8.0;
				ONLY_ACTIVE_ARCH = YES;
				OTHER_LDFLAGS = "-ObjC";
				PROVISIONING_PROFILE = "aec94a06-eadc-4f99-b4fc-e9018cdcc2a7";
				SDKROOT = iphoneos;
				TARGETED_DEVICE_FAMILY = "1,2";
				VALIDATE_PRODUCT = YES;
			};
			name = Release;
		};
		390C0C17197D2EC40047BEB9 /* Debug */ = {
			isa = XCBuildConfiguration;
			buildSettings = {
				ASSETCATALOG_COMPILER_APPICON_NAME = AppIcon;
				CODE_SIGN_IDENTITY = "Apple Development";
				"CODE_SIGN_IDENTITY[sdk=iphoneos*]" = "iPhone Developer";
				CODE_SIGN_STYLE = Automatic;
				CURRENT_PROJECT_VERSION = 3;
				DEVELOPMENT_TEAM = E5HE6Y4WLB;
				ENABLE_BITCODE = NO;
				EXCLUDED_ARCHS = "";
				FRAMEWORK_SEARCH_PATHS = (
					"$(inherited)",
					"$(PROJECT_DIR)/PinPoint",
					"$(PROJECT_DIR)",
				);
				GCC_PRECOMPILE_PREFIX_HEADER = YES;
				GCC_PREFIX_HEADER = "PinPoint/PinPoint-Prefix.pch";
				INFOPLIST_FILE = "PinPoint/PinPoint-Info.plist";
				IPHONEOS_DEPLOYMENT_TARGET = 11.0;
				MARKETING_VERSION = 1.2;
				OTHER_LDFLAGS = "-ObjC";
				PRODUCT_BUNDLE_IDENTIFIER = com.pinpointfleet.pinpoint;
				PRODUCT_NAME = "$(TARGET_NAME)";
				PROVISIONING_PROFILE = "";
				PROVISIONING_PROFILE_SPECIFIER = "";
				TARGETED_DEVICE_FAMILY = "1,2";
				WRAPPER_EXTENSION = app;
			};
			name = Debug;
		};
		390C0C18197D2EC40047BEB9 /* Release */ = {
			isa = XCBuildConfiguration;
			buildSettings = {
				ASSETCATALOG_COMPILER_APPICON_NAME = AppIcon;
				CODE_SIGN_IDENTITY = "iPhone Developer";
				"CODE_SIGN_IDENTITY[sdk=iphoneos*]" = "iPhone Developer";
				CODE_SIGN_STYLE = Automatic;
				CURRENT_PROJECT_VERSION = 3;
				DEVELOPMENT_TEAM = E5HE6Y4WLB;
				ENABLE_BITCODE = NO;
				EXCLUDED_ARCHS = "";
				FRAMEWORK_SEARCH_PATHS = (
					"$(inherited)",
					"$(PROJECT_DIR)/PinPoint",
					"$(PROJECT_DIR)",
				);
				GCC_PRECOMPILE_PREFIX_HEADER = YES;
				GCC_PREFIX_HEADER = "PinPoint/PinPoint-Prefix.pch";
				INFOPLIST_FILE = "PinPoint/PinPoint-Info.plist";
				IPHONEOS_DEPLOYMENT_TARGET = 11.0;
				MARKETING_VERSION = 1.2;
				OTHER_LDFLAGS = "-ObjC";
				PRODUCT_BUNDLE_IDENTIFIER = com.pinpointfleet.pinpoint;
				PRODUCT_NAME = "$(TARGET_NAME)";
				PROVISIONING_PROFILE = "";
				PROVISIONING_PROFILE_SPECIFIER = "";
				TARGETED_DEVICE_FAMILY = "1,2";
				WRAPPER_EXTENSION = app;
			};
			name = Release;
		};
		390C0C1A197D2EC40047BEB9 /* Debug */ = {
			isa = XCBuildConfiguration;
			buildSettings = {
				BUNDLE_LOADER = "$(BUILT_PRODUCTS_DIR)/PinPoint.app/PinPoint";
				CODE_SIGN_IDENTITY = "iPhone Distribution: Net4Nuts Limited (M3C4X3E89D)";
				"CODE_SIGN_IDENTITY[sdk=iphoneos*]" = "iPhone Distribution: Net4Nuts Limited (M3C4X3E89D)";
				FRAMEWORK_SEARCH_PATHS = (
					"$(SDKROOT)/Developer/Library/Frameworks",
					"$(inherited)",
					"$(DEVELOPER_FRAMEWORKS_DIR)",
				);
				GCC_PRECOMPILE_PREFIX_HEADER = YES;
				GCC_PREFIX_HEADER = "PinPoint/PinPoint-Prefix.pch";
				GCC_PREPROCESSOR_DEFINITIONS = (
					"DEBUG=1",
					"$(inherited)",
				);
				INFOPLIST_FILE = "PinPointTests/PinPointTests-Info.plist";
				PRODUCT_NAME = "$(TARGET_NAME)";
				PROVISIONING_PROFILE = "bf508a0c-16bb-4313-8eba-8ff714c91531";
				TEST_HOST = "$(BUNDLE_LOADER)";
				WRAPPER_EXTENSION = xctest;
			};
			name = Debug;
		};
		390C0C1B197D2EC40047BEB9 /* Release */ = {
			isa = XCBuildConfiguration;
			buildSettings = {
				BUNDLE_LOADER = "$(BUILT_PRODUCTS_DIR)/PinPoint.app/PinPoint";
				CODE_SIGN_IDENTITY = "iPhone Distribution: Net4Nuts Limited (M3C4X3E89D)";
				"CODE_SIGN_IDENTITY[sdk=iphoneos*]" = "iPhone Distribution: Net4Nuts Limited (M3C4X3E89D)";
				FRAMEWORK_SEARCH_PATHS = (
					"$(SDKROOT)/Developer/Library/Frameworks",
					"$(inherited)",
					"$(DEVELOPER_FRAMEWORKS_DIR)",
				);
				GCC_PRECOMPILE_PREFIX_HEADER = YES;
				GCC_PREFIX_HEADER = "PinPoint/PinPoint-Prefix.pch";
				INFOPLIST_FILE = "PinPointTests/PinPointTests-Info.plist";
				PRODUCT_NAME = "$(TARGET_NAME)";
				PROVISIONING_PROFILE = "bf508a0c-16bb-4313-8eba-8ff714c91531";
				TEST_HOST = "$(BUNDLE_LOADER)";
				WRAPPER_EXTENSION = xctest;
			};
			name = Release;
		};
/* End XCBuildConfiguration section */

/* Begin XCConfigurationList section */
		390C0BDC197D2EC40047BEB9 /* Build configuration list for PBXProject "PinPoint" */ = {
			isa = XCConfigurationList;
			buildConfigurations = (
				390C0C14197D2EC40047BEB9 /* Debug */,
				390C0C15197D2EC40047BEB9 /* Release */,
			);
			defaultConfigurationIsVisible = 0;
			defaultConfigurationName = Release;
		};
		390C0C16197D2EC40047BEB9 /* Build configuration list for PBXNativeTarget "PinPoint" */ = {
			isa = XCConfigurationList;
			buildConfigurations = (
				390C0C17197D2EC40047BEB9 /* Debug */,
				390C0C18197D2EC40047BEB9 /* Release */,
			);
			defaultConfigurationIsVisible = 0;
			defaultConfigurationName = Release;
		};
		390C0C19197D2EC40047BEB9 /* Build configuration list for PBXNativeTarget "PinPointTests" */ = {
			isa = XCConfigurationList;
			buildConfigurations = (
				390C0C1A197D2EC40047BEB9 /* Debug */,
				390C0C1B197D2EC40047BEB9 /* Release */,
			);
			defaultConfigurationIsVisible = 0;
			defaultConfigurationName = Release;
		};
/* End XCConfigurationList section */
	};
	rootObject = 390C0BD9197D2EC40047BEB9 /* Project object */;
}
